
Microsoft Visual Studio Solution File, Format Version 12.00
# Visual Studio Version 16
VisualStudioVersion = 16.0.31624.102
MinimumVisualStudioVersion = 10.0.40219.1
Project("{8BC9CEB8-8B4A-11D0-8D11-00A0C91BC942}") = "Task3.1", "Task3.1.vcxproj", "{6E1C92A4-068B-4B0F-AD38-CCFDF5AFD04A}"
EndProject
Global
	GlobalSection(SolutionConfigurationPlatforms) = preSolution
		Debug|x64 = Debug|x64
		Debug|x86 = Debug|x86
		Release|x64 = Release|x64
		Release|x86 = Release|x86
	EndGlobalSection
	GlobalSection(ProjectConfigurationPlatforms) = postSolution
		{6E1C92A4-068B-4B0F-AD38-CCFDF5AFD04A}.Debug|x64.ActiveCfg = Debug|x64
		{6E1C92A4-068B-4B0F-AD38-CCFDF5AFD04A}.Debug|x64.Build.0 = Debug|x64
		{6E1C92A4-068B-4B0F-AD38-CCFDF5AFD04A}.Debug|x86.ActiveCfg = Debug|Win32
		{6E1C92A4-068B-4B0F-AD38-CCFDF5AFD04A}.Debug|x86.Build.0 = Debug|Win32
		{6E1C92A4-068B-4B0F-AD38-CCFDF5AFD04A}.Release|x64.ActiveCfg = Release|x64
		{6E1C92A4-068B-4B0F-AD38-CCFDF5AFD04A}.Release|x64.Build.0 = Release|x64
		{6E1C92A4-068B-4B0F-AD38-CCFDF5AFD04A}.Release|x86.ActiveCfg = Release|Win32
		{6E1C92A4-068B-4B0F-AD38-CCFDF5AFD04A}.Release|x86.Build.0 = Release|Win32
	EndGlobalSection
	GlobalSection(SolutionProperties) = preSolution
		HideSolutionNode = FALSE
	EndGlobalSection
	GlobalSection(ExtensibilityGlobals) = postSolution
		SolutionGuid = {7773540D-CBE5-407F-97EE-866D54666076}
	EndGlobalSection
EndGlobal
