
Microsoft Visual Studio Solution File, Format Version 12.00
# Visual Studio Version 17
VisualStudioVersion = 17.0.32014.148
MinimumVisualStudioVersion = 10.0.40219.1
Project("{9A19103F-16F7-4668-BE54-9A1E7A4F7556}") = "Task6", "Task5\Task6.csproj", "{6F6F5110-A290-450E-B68A-9A324C97AF00}"
EndProject
Project("{9A19103F-16F7-4668-BE54-9A1E7A4F7556}") = "WeatherManagerAPI.UnitTests", "WeatherManagerAPIUnitTests\WeatherManagerAPI.UnitTests.csproj", "{F817F8D9-3502-4983-A54F-DC5FC2832BD3}"
EndProject
Project("{9A19103F-16F7-4668-BE54-9A1E7A4F7556}") = "Weather.UnitTests", "WeatherPrinter.UnitTests\Weather.UnitTests.csproj", "{F9E8BC96-C0E3-44F0-BA8D-AA0718D61003}"
EndProject
Project("{FAE04EC0-301F-11D3-BF4B-00C04F79EFBC}") = "WeatherIoCContainer.UnitTests", "WeatherIoCContainer.UnitTests\WeatherIoCContainer.UnitTests.csproj", "{9125E9F9-9015-4234-8AA8-852D7D5401DD}"
EndProject
Global
	GlobalSection(SolutionConfigurationPlatforms) = preSolution
		Debug|Any CPU = Debug|Any CPU
		Release|Any CPU = Release|Any CPU
	EndGlobalSection
	GlobalSection(ProjectConfigurationPlatforms) = postSolution
		{6F6F5110-A290-450E-B68A-9A324C97AF00}.Debug|Any CPU.ActiveCfg = Debug|Any CPU
		{6F6F5110-A290-450E-B68A-9A324C97AF00}.Debug|Any CPU.Build.0 = Debug|Any CPU
		{6F6F5110-A290-450E-B68A-9A324C97AF00}.Release|Any CPU.ActiveCfg = Release|Any CPU
		{6F6F5110-A290-450E-B68A-9A324C97AF00}.Release|Any CPU.Build.0 = Release|Any CPU
		{F817F8D9-3502-4983-A54F-DC5FC2832BD3}.Debug|Any CPU.ActiveCfg = Debug|Any CPU
		{F817F8D9-3502-4983-A54F-DC5FC2832BD3}.Debug|Any CPU.Build.0 = Debug|Any CPU
		{F817F8D9-3502-4983-A54F-DC5FC2832BD3}.Release|Any CPU.ActiveCfg = Release|Any CPU
		{F817F8D9-3502-4983-A54F-DC5FC2832BD3}.Release|Any CPU.Build.0 = Release|Any CPU
		{F9E8BC96-C0E3-44F0-BA8D-AA0718D61003}.Debug|Any CPU.ActiveCfg = Debug|Any CPU
		{F9E8BC96-C0E3-44F0-BA8D-AA0718D61003}.Debug|Any CPU.Build.0 = Debug|Any CPU
		{F9E8BC96-C0E3-44F0-BA8D-AA0718D61003}.Release|Any CPU.ActiveCfg = Release|Any CPU
		{F9E8BC96-C0E3-44F0-BA8D-AA0718D61003}.Release|Any CPU.Build.0 = Release|Any CPU
		{9125E9F9-9015-4234-8AA8-852D7D5401DD}.Debug|Any CPU.ActiveCfg = Debug|Any CPU
		{9125E9F9-9015-4234-8AA8-852D7D5401DD}.Debug|Any CPU.Build.0 = Debug|Any CPU
		{9125E9F9-9015-4234-8AA8-852D7D5401DD}.Release|Any CPU.ActiveCfg = Release|Any CPU
		{9125E9F9-9015-4234-8AA8-852D7D5401DD}.Release|Any CPU.Build.0 = Release|Any CPU
	EndGlobalSection
	GlobalSection(SolutionProperties) = preSolution
		HideSolutionNode = FALSE
	EndGlobalSection
	GlobalSection(ExtensibilityGlobals) = postSolution
		SolutionGuid = {F41515E1-3243-4FF7-9708-03CBA551B631}
	EndGlobalSection
EndGlobal
