
Microsoft Visual Studio Solution File, Format Version 12.00
Project("{FAE04EC0-301F-11D3-BF4B-00C04F79EFBC}") = "ProducerConsumer", "ProducerConsumer\ProducerConsumer.csproj", "{0218B657-6B71-467D-92E6-68247B946845}"
EndProject
Global
	GlobalSection(SolutionConfigurationPlatforms) = preSolution
		Debug|Any CPU = Debug|Any CPU
		Release|Any CPU = Release|Any CPU
	EndGlobalSection
	GlobalSection(ProjectConfigurationPlatforms) = postSolution
		{0218B657-6B71-467D-92E6-68247B946845}.Debug|Any CPU.ActiveCfg = Debug|Any CPU
		{0218B657-6B71-467D-92E6-68247B946845}.Debug|Any CPU.Build.0 = Debug|Any CPU
		{0218B657-6B71-467D-92E6-68247B946845}.Release|Any CPU.ActiveCfg = Release|Any CPU
		{0218B657-6B71-467D-92E6-68247B946845}.Release|Any CPU.Build.0 = Release|Any CPU
	EndGlobalSection
EndGlobal
