
Microsoft Visual Studio Solution File, Format Version 12.00
# Visual Studio Version 17
VisualStudioVersion = 17.1.32210.238
MinimumVisualStudioVersion = 10.0.40219.1
Project("{FAE04EC0-301F-11D3-BF4B-00C04F79EFBC}") = "Task3", "Task3\Task3.csproj", "{34ED64D7-1771-4E88-9DCB-DAADC142DAC0}"
EndProject
Project("{FAE04EC0-301F-11D3-BF4B-00C04F79EFBC}") = "Task3.UnitTests", "Task3.UnitTests\Task3.UnitTests.csproj", "{E6F63370-A84F-4DB6-A3E7-E24351EBF8A2}"
EndProject
Global
	GlobalSection(SolutionConfigurationPlatforms) = preSolution
		Debug|Any CPU = Debug|Any CPU
		Release|Any CPU = Release|Any CPU
	EndGlobalSection
	GlobalSection(ProjectConfigurationPlatforms) = postSolution
		{34ED64D7-1771-4E88-9DCB-DAADC142DAC0}.Debug|Any CPU.ActiveCfg = Debug|Any CPU
		{34ED64D7-1771-4E88-9DCB-DAADC142DAC0}.Debug|Any CPU.Build.0 = Debug|Any CPU
		{34ED64D7-1771-4E88-9DCB-DAADC142DAC0}.Release|Any CPU.ActiveCfg = Release|Any CPU
		{34ED64D7-1771-4E88-9DCB-DAADC142DAC0}.Release|Any CPU.Build.0 = Release|Any CPU
		{E6F63370-A84F-4DB6-A3E7-E24351EBF8A2}.Debug|Any CPU.ActiveCfg = Debug|Any CPU
		{E6F63370-A84F-4DB6-A3E7-E24351EBF8A2}.Debug|Any CPU.Build.0 = Debug|Any CPU
		{E6F63370-A84F-4DB6-A3E7-E24351EBF8A2}.Release|Any CPU.ActiveCfg = Release|Any CPU
		{E6F63370-A84F-4DB6-A3E7-E24351EBF8A2}.Release|Any CPU.Build.0 = Release|Any CPU
	EndGlobalSection
	GlobalSection(SolutionProperties) = preSolution
		HideSolutionNode = FALSE
	EndGlobalSection
	GlobalSection(ExtensibilityGlobals) = postSolution
		SolutionGuid = {44241012-B2A6-4073-A194-7361ADD6821F}
	EndGlobalSection
EndGlobal
