
Microsoft Visual Studio Solution File, Format Version 12.00
# Visual Studio Version 17
VisualStudioVersion = 17.1.32210.238
MinimumVisualStudioVersion = 10.0.40219.1
Project("{9A19103F-16F7-4668-BE54-9A1E7A4F7556}") = "ThreadPool", "ThreadPool\ThreadPool.csproj", "{84AF4DA2-7505-4330-918F-5B489AE098F2}"
EndProject
Project("{FAE04EC0-301F-11D3-BF4B-00C04F79EFBC}") = "Tests", "Tests\Tests.csproj", "{DD5B3BB7-9F0C-4B23-9F31-0C5FF391764E}"
EndProject
Global
	GlobalSection(SolutionConfigurationPlatforms) = preSolution
		Debug|Any CPU = Debug|Any CPU
		Release|Any CPU = Release|Any CPU
	EndGlobalSection
	GlobalSection(ProjectConfigurationPlatforms) = postSolution
		{84AF4DA2-7505-4330-918F-5B489AE098F2}.Debug|Any CPU.ActiveCfg = Debug|Any CPU
		{84AF4DA2-7505-4330-918F-5B489AE098F2}.Debug|Any CPU.Build.0 = Debug|Any CPU
		{84AF4DA2-7505-4330-918F-5B489AE098F2}.Release|Any CPU.ActiveCfg = Release|Any CPU
		{84AF4DA2-7505-4330-918F-5B489AE098F2}.Release|Any CPU.Build.0 = Release|Any CPU
		{DD5B3BB7-9F0C-4B23-9F31-0C5FF391764E}.Debug|Any CPU.ActiveCfg = Debug|Any CPU
		{DD5B3BB7-9F0C-4B23-9F31-0C5FF391764E}.Debug|Any CPU.Build.0 = Debug|Any CPU
		{DD5B3BB7-9F0C-4B23-9F31-0C5FF391764E}.Release|Any CPU.ActiveCfg = Release|Any CPU
		{DD5B3BB7-9F0C-4B23-9F31-0C5FF391764E}.Release|Any CPU.Build.0 = Release|Any CPU
	EndGlobalSection
	GlobalSection(SolutionProperties) = preSolution
		HideSolutionNode = FALSE
	EndGlobalSection
	GlobalSection(ExtensibilityGlobals) = postSolution
		SolutionGuid = {51FFA181-0A39-4B28-947D-96B0D3F709F1}
	EndGlobalSection
EndGlobal
