
Microsoft Visual Studio Solution File, Format Version 12.00
# Visual Studio Version 16
VisualStudioVersion = 16.0.31702.278
MinimumVisualStudioVersion = 10.0.40219.1
Project("{8BC9CEB8-8B4A-11D0-8D11-00A0C91BC942}") = "Block1_Task22", "Block1_Task22\Block1_Task22.vcxproj", "{C82B8820-D010-4E36-A26D-B51877B54499}"
EndProject
Global
	GlobalSection(SolutionConfigurationPlatforms) = preSolution
		Debug|x64 = Debug|x64
		Debug|x86 = Debug|x86
		Release|x64 = Release|x64
		Release|x86 = Release|x86
	EndGlobalSection
	GlobalSection(ProjectConfigurationPlatforms) = postSolution
		{C82B8820-D010-4E36-A26D-B51877B54499}.Debug|x64.ActiveCfg = Debug|x64
		{C82B8820-D010-4E36-A26D-B51877B54499}.Debug|x64.Build.0 = Debug|x64
		{C82B8820-D010-4E36-A26D-B51877B54499}.Debug|x86.ActiveCfg = Debug|Win32
		{C82B8820-D010-4E36-A26D-B51877B54499}.Debug|x86.Build.0 = Debug|Win32
		{C82B8820-D010-4E36-A26D-B51877B54499}.Release|x64.ActiveCfg = Release|x64
		{C82B8820-D010-4E36-A26D-B51877B54499}.Release|x64.Build.0 = Release|x64
		{C82B8820-D010-4E36-A26D-B51877B54499}.Release|x86.ActiveCfg = Release|Win32
		{C82B8820-D010-4E36-A26D-B51877B54499}.Release|x86.Build.0 = Release|Win32
	EndGlobalSection
	GlobalSection(SolutionProperties) = preSolution
		HideSolutionNode = FALSE
	EndGlobalSection
	GlobalSection(ExtensibilityGlobals) = postSolution
		SolutionGuid = {A860CEBF-B1F2-431B-B2F5-3A6B41141AD4}
	EndGlobalSection
EndGlobal
