
Microsoft Visual Studio Solution File, Format Version 12.00
# Visual Studio Version 16
VisualStudioVersion = 16.0.31702.278
MinimumVisualStudioVersion = 10.0.40219.1
Project("{8BC9CEB8-8B4A-11D0-8D11-00A0C91BC942}") = "Task_3", "Task_3.vcxproj", "{0DCB9FB7-8B66-469A-8585-7335D9CBBAFC}"
EndProject
Global
	GlobalSection(SolutionConfigurationPlatforms) = preSolution
		Debug|x64 = Debug|x64
		Debug|x86 = Debug|x86
		Release|x64 = Release|x64
		Release|x86 = Release|x86
	EndGlobalSection
	GlobalSection(ProjectConfigurationPlatforms) = postSolution
		{0DCB9FB7-8B66-469A-8585-7335D9CBBAFC}.Debug|x64.ActiveCfg = Debug|x64
		{0DCB9FB7-8B66-469A-8585-7335D9CBBAFC}.Debug|x64.Build.0 = Debug|x64
		{0DCB9FB7-8B66-469A-8585-7335D9CBBAFC}.Debug|x86.ActiveCfg = Debug|Win32
		{0DCB9FB7-8B66-469A-8585-7335D9CBBAFC}.Debug|x86.Build.0 = Debug|Win32
		{0DCB9FB7-8B66-469A-8585-7335D9CBBAFC}.Release|x64.ActiveCfg = Release|x64
		{0DCB9FB7-8B66-469A-8585-7335D9CBBAFC}.Release|x64.Build.0 = Release|x64
		{0DCB9FB7-8B66-469A-8585-7335D9CBBAFC}.Release|x86.ActiveCfg = Release|Win32
		{0DCB9FB7-8B66-469A-8585-7335D9CBBAFC}.Release|x86.Build.0 = Release|Win32
	EndGlobalSection
	GlobalSection(SolutionProperties) = preSolution
		HideSolutionNode = FALSE
	EndGlobalSection
	GlobalSection(ExtensibilityGlobals) = postSolution
		SolutionGuid = {B462FC49-C749-4629-AA15-C7972782122E}
	EndGlobalSection
EndGlobal
