
Microsoft Visual Studio Solution File, Format Version 12.00
Project("{FAE04EC0-301F-11D3-BF4B-00C04F79EFBC}") = "Core", "Core\Core.csproj", "{CAAD94E3-358F-4CA1-9431-FAA6C7627D4D}"
EndProject
Project("{FAE04EC0-301F-11D3-BF4B-00C04F79EFBC}") = "Core.Tests", "Core.Tests\Core.Tests.csproj", "{92A06D81-8DE5-49C5-9019-EF85E0ED40C3}"
EndProject
Global
	GlobalSection(SolutionConfigurationPlatforms) = preSolution
		Debug|Any CPU = Debug|Any CPU
		Release|Any CPU = Release|Any CPU
	EndGlobalSection
	GlobalSection(ProjectConfigurationPlatforms) = postSolution
		{CAAD94E3-358F-4CA1-9431-FAA6C7627D4D}.Debug|Any CPU.ActiveCfg = Debug|Any CPU
		{CAAD94E3-358F-4CA1-9431-FAA6C7627D4D}.Debug|Any CPU.Build.0 = Debug|Any CPU
		{CAAD94E3-358F-4CA1-9431-FAA6C7627D4D}.Release|Any CPU.ActiveCfg = Release|Any CPU
		{CAAD94E3-358F-4CA1-9431-FAA6C7627D4D}.Release|Any CPU.Build.0 = Release|Any CPU
		{92A06D81-8DE5-49C5-9019-EF85E0ED40C3}.Debug|Any CPU.ActiveCfg = Debug|Any CPU
		{92A06D81-8DE5-49C5-9019-EF85E0ED40C3}.Debug|Any CPU.Build.0 = Debug|Any CPU
		{92A06D81-8DE5-49C5-9019-EF85E0ED40C3}.Release|Any CPU.ActiveCfg = Release|Any CPU
		{92A06D81-8DE5-49C5-9019-EF85E0ED40C3}.Release|Any CPU.Build.0 = Release|Any CPU
	EndGlobalSection
EndGlobal
