
Microsoft Visual Studio Solution File, Format Version 12.00
# Visual Studio Version 17
VisualStudioVersion = 17.5.33530.505
MinimumVisualStudioVersion = 10.0.40219.1
Project("{2150E333-8FDC-42A3-9474-1A3956D46DE8}") = "Core", "Core", "{819B536D-2B46-48A5-A33E-0EBF8AF1847B}"
EndProject
Project("{9A19103F-16F7-4668-BE54-9A1E7A4F7556}") = "ExamSystem", "ExamSystem\ExamSystem.csproj", "{F06BEFFF-76F5-4915-BA16-BE0E06936ADA}"
EndProject
Project("{2150E333-8FDC-42A3-9474-1A3956D46DE8}") = "API", "API", "{B09923CB-E1D5-4C3F-A29D-E78A589701BA}"
EndProject
Project("{9A19103F-16F7-4668-BE54-9A1E7A4F7556}") = "ExamSystemAPI", "ExamSystemAPI\ExamSystemAPI.csproj", "{F8279667-F5E9-416D-89EA-2ABDCA02B983}"
EndProject
Project("{2150E333-8FDC-42A3-9474-1A3956D46DE8}") = "UnitTests", "UnitTests", "{AF3FE1DF-73C9-40CC-845D-C5980D1BFAE0}"
EndProject
Project("{FAE04EC0-301F-11D3-BF4B-00C04F79EFBC}") = "ExamSystemTests", "ExamSystemTests\ExamSystemTests.csproj", "{BD8004E9-3178-42D6-8AE0-E27D1FD623FB}"
EndProject
Global
	GlobalSection(SolutionConfigurationPlatforms) = preSolution
		Debug|Any CPU = Debug|Any CPU
		Release|Any CPU = Release|Any CPU
	EndGlobalSection
	GlobalSection(ProjectConfigurationPlatforms) = postSolution
		{F06BEFFF-76F5-4915-BA16-BE0E06936ADA}.Debug|Any CPU.ActiveCfg = Debug|Any CPU
		{F06BEFFF-76F5-4915-BA16-BE0E06936ADA}.Debug|Any CPU.Build.0 = Debug|Any CPU
		{F06BEFFF-76F5-4915-BA16-BE0E06936ADA}.Release|Any CPU.ActiveCfg = Release|Any CPU
		{F06BEFFF-76F5-4915-BA16-BE0E06936ADA}.Release|Any CPU.Build.0 = Release|Any CPU
		{F8279667-F5E9-416D-89EA-2ABDCA02B983}.Debug|Any CPU.ActiveCfg = Debug|Any CPU
		{F8279667-F5E9-416D-89EA-2ABDCA02B983}.Debug|Any CPU.Build.0 = Debug|Any CPU
		{F8279667-F5E9-416D-89EA-2ABDCA02B983}.Release|Any CPU.ActiveCfg = Release|Any CPU
		{F8279667-F5E9-416D-89EA-2ABDCA02B983}.Release|Any CPU.Build.0 = Release|Any CPU
		{BD8004E9-3178-42D6-8AE0-E27D1FD623FB}.Debug|Any CPU.ActiveCfg = Debug|Any CPU
		{BD8004E9-3178-42D6-8AE0-E27D1FD623FB}.Debug|Any CPU.Build.0 = Debug|Any CPU
		{BD8004E9-3178-42D6-8AE0-E27D1FD623FB}.Release|Any CPU.ActiveCfg = Release|Any CPU
		{BD8004E9-3178-42D6-8AE0-E27D1FD623FB}.Release|Any CPU.Build.0 = Release|Any CPU
	EndGlobalSection
	GlobalSection(SolutionProperties) = preSolution
		HideSolutionNode = FALSE
	EndGlobalSection
	GlobalSection(NestedProjects) = preSolution
		{F06BEFFF-76F5-4915-BA16-BE0E06936ADA} = {819B536D-2B46-48A5-A33E-0EBF8AF1847B}
		{F8279667-F5E9-416D-89EA-2ABDCA02B983} = {B09923CB-E1D5-4C3F-A29D-E78A589701BA}
		{BD8004E9-3178-42D6-8AE0-E27D1FD623FB} = {AF3FE1DF-73C9-40CC-845D-C5980D1BFAE0}
	EndGlobalSection
	GlobalSection(ExtensibilityGlobals) = postSolution
		SolutionGuid = {0110513D-A3A9-4BB6-8906-C8DC6C6CB769}
	EndGlobalSection
EndGlobal
