
Microsoft Visual Studio Solution File, Format Version 12.00
# Visual Studio Version 17
VisualStudioVersion = 17.5.33414.496
MinimumVisualStudioVersion = 10.0.40219.1
Project("{9A19103F-16F7-4668-BE54-9A1E7A4F7556}") = "Task2", "Task2\Task2.csproj", "{D639B6C5-89D3-40FC-8B2D-31263F6ABDFE}"
EndProject
Global
	GlobalSection(SolutionConfigurationPlatforms) = preSolution
		Debug|Any CPU = Debug|Any CPU
		Release|Any CPU = Release|Any CPU
	EndGlobalSection
	GlobalSection(ProjectConfigurationPlatforms) = postSolution
		{D639B6C5-89D3-40FC-8B2D-31263F6ABDFE}.Debug|Any CPU.ActiveCfg = Debug|Any CPU
		{D639B6C5-89D3-40FC-8B2D-31263F6ABDFE}.Debug|Any CPU.Build.0 = Debug|Any CPU
		{D639B6C5-89D3-40FC-8B2D-31263F6ABDFE}.Release|Any CPU.ActiveCfg = Release|Any CPU
		{D639B6C5-89D3-40FC-8B2D-31263F6ABDFE}.Release|Any CPU.Build.0 = Release|Any CPU
	EndGlobalSection
	GlobalSection(SolutionProperties) = preSolution
		HideSolutionNode = FALSE
	EndGlobalSection
	GlobalSection(ExtensibilityGlobals) = postSolution
		SolutionGuid = {C1CEE9D7-C103-4B15-BE1E-12E2A74ED4A5}
	EndGlobalSection
EndGlobal
