
Microsoft Visual Studio Solution File, Format Version 12.00
# Visual Studio Version 17
VisualStudioVersion = 17.3.32811.315
MinimumVisualStudioVersion = 10.0.40219.1
Project("{FAE04EC0-301F-11D3-BF4B-00C04F79EFBC}") = "Task4", "Task4\Task4.csproj", "{BB8E39E5-E926-4338-8ABC-FEC9F853F122}"
EndProject
Project("{FAE04EC0-301F-11D3-BF4B-00C04F79EFBC}") = "Game", "Game\Game.csproj", "{122DB1EA-9490-4C45-9D56-A630DF885EE6}"
EndProject
Project("{FAE04EC0-301F-11D3-BF4B-00C04F79EFBC}") = "Bots", "Bots\Bots.csproj", "{D20492FA-94FD-47C6-BA13-A18CC7415509}"
EndProject
Project("{FAE04EC0-301F-11D3-BF4B-00C04F79EFBC}") = "LibraryLoader", "LibraryLoader\LibraryLoader.csproj", "{98B64823-2A4E-4162-A383-175070629034}"
EndProject
Project("{FAE04EC0-301F-11D3-BF4B-00C04F79EFBC}") = "Task4.Tests", "Task4.Tests\Task4.Tests.csproj", "{6D5558EB-135A-4882-878D-4816B5697C41}"
EndProject
Global
	GlobalSection(SolutionConfigurationPlatforms) = preSolution
		Debug|Any CPU = Debug|Any CPU
		Release|Any CPU = Release|Any CPU
	EndGlobalSection
	GlobalSection(ProjectConfigurationPlatforms) = postSolution
		{BB8E39E5-E926-4338-8ABC-FEC9F853F122}.Debug|Any CPU.ActiveCfg = Debug|Any CPU
		{BB8E39E5-E926-4338-8ABC-FEC9F853F122}.Debug|Any CPU.Build.0 = Debug|Any CPU
		{BB8E39E5-E926-4338-8ABC-FEC9F853F122}.Release|Any CPU.ActiveCfg = Release|Any CPU
		{BB8E39E5-E926-4338-8ABC-FEC9F853F122}.Release|Any CPU.Build.0 = Release|Any CPU
		{122DB1EA-9490-4C45-9D56-A630DF885EE6}.Debug|Any CPU.ActiveCfg = Debug|Any CPU
		{122DB1EA-9490-4C45-9D56-A630DF885EE6}.Debug|Any CPU.Build.0 = Debug|Any CPU
		{122DB1EA-9490-4C45-9D56-A630DF885EE6}.Release|Any CPU.ActiveCfg = Release|Any CPU
		{122DB1EA-9490-4C45-9D56-A630DF885EE6}.Release|Any CPU.Build.0 = Release|Any CPU
		{D20492FA-94FD-47C6-BA13-A18CC7415509}.Debug|Any CPU.ActiveCfg = Debug|Any CPU
		{D20492FA-94FD-47C6-BA13-A18CC7415509}.Debug|Any CPU.Build.0 = Debug|Any CPU
		{D20492FA-94FD-47C6-BA13-A18CC7415509}.Release|Any CPU.ActiveCfg = Release|Any CPU
		{D20492FA-94FD-47C6-BA13-A18CC7415509}.Release|Any CPU.Build.0 = Release|Any CPU
		{98B64823-2A4E-4162-A383-175070629034}.Debug|Any CPU.ActiveCfg = Debug|Any CPU
		{98B64823-2A4E-4162-A383-175070629034}.Debug|Any CPU.Build.0 = Debug|Any CPU
		{98B64823-2A4E-4162-A383-175070629034}.Release|Any CPU.ActiveCfg = Release|Any CPU
		{98B64823-2A4E-4162-A383-175070629034}.Release|Any CPU.Build.0 = Release|Any CPU
		{6D5558EB-135A-4882-878D-4816B5697C41}.Debug|Any CPU.ActiveCfg = Debug|Any CPU
		{6D5558EB-135A-4882-878D-4816B5697C41}.Debug|Any CPU.Build.0 = Debug|Any CPU
		{6D5558EB-135A-4882-878D-4816B5697C41}.Release|Any CPU.ActiveCfg = Release|Any CPU
		{6D5558EB-135A-4882-878D-4816B5697C41}.Release|Any CPU.Build.0 = Release|Any CPU
	EndGlobalSection
	GlobalSection(SolutionProperties) = preSolution
		HideSolutionNode = FALSE
	EndGlobalSection
	GlobalSection(ExtensibilityGlobals) = postSolution
		SolutionGuid = {0E0DD4C3-EF6D-44DC-9947-8361427BCA14}
	EndGlobalSection
EndGlobal
