
Microsoft Visual Studio Solution File, Format Version 12.00
# Visual Studio Version 17
VisualStudioVersion = 17.1.32228.430
MinimumVisualStudioVersion = 10.0.40219.1
Project("{9A19103F-16F7-4668-BE54-9A1E7A4F7556}") = "Fibers", "Fibers.csproj", "{92203DC7-9CD0-4063-8DB7-D4BD1EC65403}"
EndProject
Project("{FAE04EC0-301F-11D3-BF4B-00C04F79EFBC}") = "FibersTests", "..\FibersTests\FibersTests.csproj", "{63766516-BBE9-4E5C-AC18-A2526E1504AB}"
EndProject
Global
	GlobalSection(SolutionConfigurationPlatforms) = preSolution
		Debug|Any CPU = Debug|Any CPU
		Debug|x86 = Debug|x86
		Release|Any CPU = Release|Any CPU
		Release|x86 = Release|x86
	EndGlobalSection
	GlobalSection(ProjectConfigurationPlatforms) = postSolution
		{92203DC7-9CD0-4063-8DB7-D4BD1EC65403}.Debug|Any CPU.ActiveCfg = Debug|Any CPU
		{92203DC7-9CD0-4063-8DB7-D4BD1EC65403}.Debug|Any CPU.Build.0 = Debug|Any CPU
		{92203DC7-9CD0-4063-8DB7-D4BD1EC65403}.Debug|x86.ActiveCfg = Debug|x86
		{92203DC7-9CD0-4063-8DB7-D4BD1EC65403}.Debug|x86.Build.0 = Debug|x86
		{92203DC7-9CD0-4063-8DB7-D4BD1EC65403}.Release|Any CPU.ActiveCfg = Release|Any CPU
		{92203DC7-9CD0-4063-8DB7-D4BD1EC65403}.Release|Any CPU.Build.0 = Release|Any CPU
		{92203DC7-9CD0-4063-8DB7-D4BD1EC65403}.Release|x86.ActiveCfg = Release|x86
		{92203DC7-9CD0-4063-8DB7-D4BD1EC65403}.Release|x86.Build.0 = Release|x86
		{63766516-BBE9-4E5C-AC18-A2526E1504AB}.Debug|Any CPU.ActiveCfg = Debug|Any CPU
		{63766516-BBE9-4E5C-AC18-A2526E1504AB}.Debug|Any CPU.Build.0 = Debug|Any CPU
		{63766516-BBE9-4E5C-AC18-A2526E1504AB}.Debug|x86.ActiveCfg = Debug|Any CPU
		{63766516-BBE9-4E5C-AC18-A2526E1504AB}.Debug|x86.Build.0 = Debug|Any CPU
		{63766516-BBE9-4E5C-AC18-A2526E1504AB}.Release|Any CPU.ActiveCfg = Release|Any CPU
		{63766516-BBE9-4E5C-AC18-A2526E1504AB}.Release|Any CPU.Build.0 = Release|Any CPU
		{63766516-BBE9-4E5C-AC18-A2526E1504AB}.Release|x86.ActiveCfg = Release|Any CPU
		{63766516-BBE9-4E5C-AC18-A2526E1504AB}.Release|x86.Build.0 = Release|Any CPU
	EndGlobalSection
	GlobalSection(SolutionProperties) = preSolution
		HideSolutionNode = FALSE
	EndGlobalSection
	GlobalSection(ExtensibilityGlobals) = postSolution
		SolutionGuid = {936D844B-CCA0-460F-B9B3-ADF8C505DF21}
	EndGlobalSection
EndGlobal
