
Microsoft Visual Studio Solution File, Format Version 12.00
# Visual Studio Version 17
VisualStudioVersion = 17.5.33424.131
MinimumVisualStudioVersion = 10.0.40219.1
Project("{9A19103F-16F7-4668-BE54-9A1E7A4F7556}") = "ExamSystem.Core", "ExamSystem.Core\ExamSystem.Core.csproj", "{B407C60E-7431-468F-B862-2B5B39031F63}"
EndProject
Project("{9A19103F-16F7-4668-BE54-9A1E7A4F7556}") = "ExamSystem.UnitTests", "ExamSystem.UnitTests\ExamSystem.UnitTests.csproj", "{A64DEC89-7C1E-4A4F-B00A-90C39AC4D5C0}"
EndProject
Project("{FAE04EC0-301F-11D3-BF4B-00C04F79EFBC}") = "ExamSystem.API", "ExamSystem.API\ExamSystem.API.csproj", "{EB63AE1A-1D5F-4841-9BEF-F632058BF8EC}"
EndProject
Global
	GlobalSection(SolutionConfigurationPlatforms) = preSolution
		Debug|Any CPU = Debug|Any CPU
		Release|Any CPU = Release|Any CPU
	EndGlobalSection
	GlobalSection(ProjectConfigurationPlatforms) = postSolution
		{B407C60E-7431-468F-B862-2B5B39031F63}.Debug|Any CPU.ActiveCfg = Debug|Any CPU
		{B407C60E-7431-468F-B862-2B5B39031F63}.Debug|Any CPU.Build.0 = Debug|Any CPU
		{B407C60E-7431-468F-B862-2B5B39031F63}.Release|Any CPU.ActiveCfg = Release|Any CPU
		{B407C60E-7431-468F-B862-2B5B39031F63}.Release|Any CPU.Build.0 = Release|Any CPU
		{A64DEC89-7C1E-4A4F-B00A-90C39AC4D5C0}.Debug|Any CPU.ActiveCfg = Debug|Any CPU
		{A64DEC89-7C1E-4A4F-B00A-90C39AC4D5C0}.Debug|Any CPU.Build.0 = Debug|Any CPU
		{A64DEC89-7C1E-4A4F-B00A-90C39AC4D5C0}.Release|Any CPU.ActiveCfg = Release|Any CPU
		{A64DEC89-7C1E-4A4F-B00A-90C39AC4D5C0}.Release|Any CPU.Build.0 = Release|Any CPU
		{EB63AE1A-1D5F-4841-9BEF-F632058BF8EC}.Debug|Any CPU.ActiveCfg = Debug|Any CPU
		{EB63AE1A-1D5F-4841-9BEF-F632058BF8EC}.Debug|Any CPU.Build.0 = Debug|Any CPU
		{EB63AE1A-1D5F-4841-9BEF-F632058BF8EC}.Release|Any CPU.ActiveCfg = Release|Any CPU
		{EB63AE1A-1D5F-4841-9BEF-F632058BF8EC}.Release|Any CPU.Build.0 = Release|Any CPU
	EndGlobalSection
	GlobalSection(SolutionProperties) = preSolution
		HideSolutionNode = FALSE
	EndGlobalSection
	GlobalSection(ExtensibilityGlobals) = postSolution
		SolutionGuid = {165D2D61-CD52-4C65-8136-587590C29B2D}
	EndGlobalSection
EndGlobal
