
Microsoft Visual Studio Solution File, Format Version 12.00
# Visual Studio Version 17
VisualStudioVersion = 17.3.32811.315
MinimumVisualStudioVersion = 10.0.40219.1
Project("{9A19103F-16F7-4668-BE54-9A1E7A4F7556}") = "Task5", "Task5\Task5.csproj", "{213D7C0B-EA51-4650-B8C0-5A5D688AD396}"
EndProject
Project("{9A19103F-16F7-4668-BE54-9A1E7A4F7556}") = "Model", "Model\Model.csproj", "{447A7E46-EC23-492F-A594-8D59825C0FD7}"
EndProject
Project("{FAE04EC0-301F-11D3-BF4B-00C04F79EFBC}") = "Task5.Test", "Task6.Test\Task5.Test.csproj", "{81F64AC9-3260-4144-BF29-CBC7B29D84B2}"
EndProject
Global
	GlobalSection(SolutionConfigurationPlatforms) = preSolution
		Debug|Any CPU = Debug|Any CPU
		Release|Any CPU = Release|Any CPU
	EndGlobalSection
	GlobalSection(ProjectConfigurationPlatforms) = postSolution
		{213D7C0B-EA51-4650-B8C0-5A5D688AD396}.Debug|Any CPU.ActiveCfg = Debug|Any CPU
		{213D7C0B-EA51-4650-B8C0-5A5D688AD396}.Debug|Any CPU.Build.0 = Debug|Any CPU
		{213D7C0B-EA51-4650-B8C0-5A5D688AD396}.Release|Any CPU.ActiveCfg = Release|Any CPU
		{213D7C0B-EA51-4650-B8C0-5A5D688AD396}.Release|Any CPU.Build.0 = Release|Any CPU
		{447A7E46-EC23-492F-A594-8D59825C0FD7}.Debug|Any CPU.ActiveCfg = Debug|Any CPU
		{447A7E46-EC23-492F-A594-8D59825C0FD7}.Debug|Any CPU.Build.0 = Debug|Any CPU
		{447A7E46-EC23-492F-A594-8D59825C0FD7}.Release|Any CPU.ActiveCfg = Release|Any CPU
		{447A7E46-EC23-492F-A594-8D59825C0FD7}.Release|Any CPU.Build.0 = Release|Any CPU
		{81F64AC9-3260-4144-BF29-CBC7B29D84B2}.Debug|Any CPU.ActiveCfg = Debug|Any CPU
		{81F64AC9-3260-4144-BF29-CBC7B29D84B2}.Debug|Any CPU.Build.0 = Debug|Any CPU
		{81F64AC9-3260-4144-BF29-CBC7B29D84B2}.Release|Any CPU.ActiveCfg = Release|Any CPU
		{81F64AC9-3260-4144-BF29-CBC7B29D84B2}.Release|Any CPU.Build.0 = Release|Any CPU
	EndGlobalSection
	GlobalSection(SolutionProperties) = preSolution
		HideSolutionNode = FALSE
	EndGlobalSection
	GlobalSection(ExtensibilityGlobals) = postSolution
		SolutionGuid = {09D13B9A-D3B8-49C3-9204-3410E2165AF0}
	EndGlobalSection
EndGlobal
