
Microsoft Visual Studio Solution File, Format Version 12.00
# Visual Studio Version 17
VisualStudioVersion = 17.1.32210.238
MinimumVisualStudioVersion = 10.0.40219.1
Project("{9A19103F-16F7-4668-BE54-9A1E7A4F7556}") = "WeatherApi", "WeatherApi\WeatherApi.csproj", "{DB54B7C0-9AF1-4B1D-8ACB-78ECF8823A40}"
EndProject
Project("{9A19103F-16F7-4668-BE54-9A1E7A4F7556}") = "OpenWeatherMapApi", "OpenWeatherMapApi\OpenWeatherMapApi.csproj", "{9F27650E-76D9-479B-9457-A2EB3D63FD47}"
EndProject
Project("{9A19103F-16F7-4668-BE54-9A1E7A4F7556}") = "TomorrowIoApi", "TomorrowIoApi\TomorrowIoApi.csproj", "{C4C4C66B-4013-4276-8CFB-751CB6E105BA}"
EndProject
Project("{9A19103F-16F7-4668-BE54-9A1E7A4F7556}") = "TomorrowIoApi.UnitTests", "TomorrowIoApi.UnitTests\TomorrowIoApi.UnitTests.csproj", "{567D30DA-C803-4F78-A67C-D11BC5DD2580}"
EndProject
Project("{9A19103F-16F7-4668-BE54-9A1E7A4F7556}") = "OpenWeatherMapApi.UnitTests", "OpenWeatherMapApi.UnitTests\OpenWeatherMapApi.UnitTests.csproj", "{22F6CCCF-FBA6-46B7-80D6-B92F63745CC0}"
EndProject
Project("{9A19103F-16F7-4668-BE54-9A1E7A4F7556}") = "Requests", "Requests\Requests.csproj", "{51CA92EA-9F9D-4A2F-88B4-E41952DC1EA5}"
EndProject
Project("{9A19103F-16F7-4668-BE54-9A1E7A4F7556}") = "WeatherWpf", "WeatherWpf\WeatherWpf.csproj", "{E95268F9-37C5-4254-8154-ADC18EFAEDBF}"
EndProject
Project("{FAE04EC0-301F-11D3-BF4B-00C04F79EFBC}") = "WeatherWinForms", "WeatherWinForms\WeatherWinForms.csproj", "{252F630C-EEF4-4CE6-B5AB-3C0890B5BFA5}"
EndProject
Global
	GlobalSection(SolutionConfigurationPlatforms) = preSolution
		Debug|Any CPU = Debug|Any CPU
		Debug|ARM = Debug|ARM
		Debug|ARM64 = Debug|ARM64
		Debug|x64 = Debug|x64
		Debug|x86 = Debug|x86
		Release|Any CPU = Release|Any CPU
		Release|ARM = Release|ARM
		Release|ARM64 = Release|ARM64
		Release|x64 = Release|x64
		Release|x86 = Release|x86
	EndGlobalSection
	GlobalSection(ProjectConfigurationPlatforms) = postSolution
		{DB54B7C0-9AF1-4B1D-8ACB-78ECF8823A40}.Debug|Any CPU.ActiveCfg = Debug|Any CPU
		{DB54B7C0-9AF1-4B1D-8ACB-78ECF8823A40}.Debug|Any CPU.Build.0 = Debug|Any CPU
		{DB54B7C0-9AF1-4B1D-8ACB-78ECF8823A40}.Debug|ARM.ActiveCfg = Debug|Any CPU
		{DB54B7C0-9AF1-4B1D-8ACB-78ECF8823A40}.Debug|ARM.Build.0 = Debug|Any CPU
		{DB54B7C0-9AF1-4B1D-8ACB-78ECF8823A40}.Debug|ARM64.ActiveCfg = Debug|Any CPU
		{DB54B7C0-9AF1-4B1D-8ACB-78ECF8823A40}.Debug|ARM64.Build.0 = Debug|Any CPU
		{DB54B7C0-9AF1-4B1D-8ACB-78ECF8823A40}.Debug|x64.ActiveCfg = Debug|Any CPU
		{DB54B7C0-9AF1-4B1D-8ACB-78ECF8823A40}.Debug|x64.Build.0 = Debug|Any CPU
		{DB54B7C0-9AF1-4B1D-8ACB-78ECF8823A40}.Debug|x86.ActiveCfg = Debug|Any CPU
		{DB54B7C0-9AF1-4B1D-8ACB-78ECF8823A40}.Debug|x86.Build.0 = Debug|Any CPU
		{DB54B7C0-9AF1-4B1D-8ACB-78ECF8823A40}.Release|Any CPU.ActiveCfg = Release|Any CPU
		{DB54B7C0-9AF1-4B1D-8ACB-78ECF8823A40}.Release|Any CPU.Build.0 = Release|Any CPU
		{DB54B7C0-9AF1-4B1D-8ACB-78ECF8823A40}.Release|ARM.ActiveCfg = Release|Any CPU
		{DB54B7C0-9AF1-4B1D-8ACB-78ECF8823A40}.Release|ARM.Build.0 = Release|Any CPU
		{DB54B7C0-9AF1-4B1D-8ACB-78ECF8823A40}.Release|ARM64.ActiveCfg = Release|Any CPU
		{DB54B7C0-9AF1-4B1D-8ACB-78ECF8823A40}.Release|ARM64.Build.0 = Release|Any CPU
		{DB54B7C0-9AF1-4B1D-8ACB-78ECF8823A40}.Release|x64.ActiveCfg = Release|Any CPU
		{DB54B7C0-9AF1-4B1D-8ACB-78ECF8823A40}.Release|x64.Build.0 = Release|Any CPU
		{DB54B7C0-9AF1-4B1D-8ACB-78ECF8823A40}.Release|x86.ActiveCfg = Release|Any CPU
		{DB54B7C0-9AF1-4B1D-8ACB-78ECF8823A40}.Release|x86.Build.0 = Release|Any CPU
		{9F27650E-76D9-479B-9457-A2EB3D63FD47}.Debug|Any CPU.ActiveCfg = Debug|Any CPU
		{9F27650E-76D9-479B-9457-A2EB3D63FD47}.Debug|Any CPU.Build.0 = Debug|Any CPU
		{9F27650E-76D9-479B-9457-A2EB3D63FD47}.Debug|ARM.ActiveCfg = Debug|Any CPU
		{9F27650E-76D9-479B-9457-A2EB3D63FD47}.Debug|ARM.Build.0 = Debug|Any CPU
		{9F27650E-76D9-479B-9457-A2EB3D63FD47}.Debug|ARM64.ActiveCfg = Debug|Any CPU
		{9F27650E-76D9-479B-9457-A2EB3D63FD47}.Debug|ARM64.Build.0 = Debug|Any CPU
		{9F27650E-76D9-479B-9457-A2EB3D63FD47}.Debug|x64.ActiveCfg = Debug|Any CPU
		{9F27650E-76D9-479B-9457-A2EB3D63FD47}.Debug|x64.Build.0 = Debug|Any CPU
		{9F27650E-76D9-479B-9457-A2EB3D63FD47}.Debug|x86.ActiveCfg = Debug|Any CPU
		{9F27650E-76D9-479B-9457-A2EB3D63FD47}.Debug|x86.Build.0 = Debug|Any CPU
		{9F27650E-76D9-479B-9457-A2EB3D63FD47}.Release|Any CPU.ActiveCfg = Release|Any CPU
		{9F27650E-76D9-479B-9457-A2EB3D63FD47}.Release|Any CPU.Build.0 = Release|Any CPU
		{9F27650E-76D9-479B-9457-A2EB3D63FD47}.Release|ARM.ActiveCfg = Release|Any CPU
		{9F27650E-76D9-479B-9457-A2EB3D63FD47}.Release|ARM.Build.0 = Release|Any CPU
		{9F27650E-76D9-479B-9457-A2EB3D63FD47}.Release|ARM64.ActiveCfg = Release|Any CPU
		{9F27650E-76D9-479B-9457-A2EB3D63FD47}.Release|ARM64.Build.0 = Release|Any CPU
		{9F27650E-76D9-479B-9457-A2EB3D63FD47}.Release|x64.ActiveCfg = Release|Any CPU
		{9F27650E-76D9-479B-9457-A2EB3D63FD47}.Release|x64.Build.0 = Release|Any CPU
		{9F27650E-76D9-479B-9457-A2EB3D63FD47}.Release|x86.ActiveCfg = Release|Any CPU
		{9F27650E-76D9-479B-9457-A2EB3D63FD47}.Release|x86.Build.0 = Release|Any CPU
		{C4C4C66B-4013-4276-8CFB-751CB6E105BA}.Debug|Any CPU.ActiveCfg = Debug|Any CPU
		{C4C4C66B-4013-4276-8CFB-751CB6E105BA}.Debug|Any CPU.Build.0 = Debug|Any CPU
		{C4C4C66B-4013-4276-8CFB-751CB6E105BA}.Debug|ARM.ActiveCfg = Debug|Any CPU
		{C4C4C66B-4013-4276-8CFB-751CB6E105BA}.Debug|ARM.Build.0 = Debug|Any CPU
		{C4C4C66B-4013-4276-8CFB-751CB6E105BA}.Debug|ARM64.ActiveCfg = Debug|Any CPU
		{C4C4C66B-4013-4276-8CFB-751CB6E105BA}.Debug|ARM64.Build.0 = Debug|Any CPU
		{C4C4C66B-4013-4276-8CFB-751CB6E105BA}.Debug|x64.ActiveCfg = Debug|Any CPU
		{C4C4C66B-4013-4276-8CFB-751CB6E105BA}.Debug|x64.Build.0 = Debug|Any CPU
		{C4C4C66B-4013-4276-8CFB-751CB6E105BA}.Debug|x86.ActiveCfg = Debug|Any CPU
		{C4C4C66B-4013-4276-8CFB-751CB6E105BA}.Debug|x86.Build.0 = Debug|Any CPU
		{C4C4C66B-4013-4276-8CFB-751CB6E105BA}.Release|Any CPU.ActiveCfg = Release|Any CPU
		{C4C4C66B-4013-4276-8CFB-751CB6E105BA}.Release|Any CPU.Build.0 = Release|Any CPU
		{C4C4C66B-4013-4276-8CFB-751CB6E105BA}.Release|ARM.ActiveCfg = Release|Any CPU
		{C4C4C66B-4013-4276-8CFB-751CB6E105BA}.Release|ARM.Build.0 = Release|Any CPU
		{C4C4C66B-4013-4276-8CFB-751CB6E105BA}.Release|ARM64.ActiveCfg = Release|Any CPU
		{C4C4C66B-4013-4276-8CFB-751CB6E105BA}.Release|ARM64.Build.0 = Release|Any CPU
		{C4C4C66B-4013-4276-8CFB-751CB6E105BA}.Release|x64.ActiveCfg = Release|Any CPU
		{C4C4C66B-4013-4276-8CFB-751CB6E105BA}.Release|x64.Build.0 = Release|Any CPU
		{C4C4C66B-4013-4276-8CFB-751CB6E105BA}.Release|x86.ActiveCfg = Release|Any CPU
		{C4C4C66B-4013-4276-8CFB-751CB6E105BA}.Release|x86.Build.0 = Release|Any CPU
		{567D30DA-C803-4F78-A67C-D11BC5DD2580}.Debug|Any CPU.ActiveCfg = Debug|Any CPU
		{567D30DA-C803-4F78-A67C-D11BC5DD2580}.Debug|Any CPU.Build.0 = Debug|Any CPU
		{567D30DA-C803-4F78-A67C-D11BC5DD2580}.Debug|ARM.ActiveCfg = Debug|Any CPU
		{567D30DA-C803-4F78-A67C-D11BC5DD2580}.Debug|ARM.Build.0 = Debug|Any CPU
		{567D30DA-C803-4F78-A67C-D11BC5DD2580}.Debug|ARM64.ActiveCfg = Debug|Any CPU
		{567D30DA-C803-4F78-A67C-D11BC5DD2580}.Debug|ARM64.Build.0 = Debug|Any CPU
		{567D30DA-C803-4F78-A67C-D11BC5DD2580}.Debug|x64.ActiveCfg = Debug|Any CPU
		{567D30DA-C803-4F78-A67C-D11BC5DD2580}.Debug|x64.Build.0 = Debug|Any CPU
		{567D30DA-C803-4F78-A67C-D11BC5DD2580}.Debug|x86.ActiveCfg = Debug|Any CPU
		{567D30DA-C803-4F78-A67C-D11BC5DD2580}.Debug|x86.Build.0 = Debug|Any CPU
		{567D30DA-C803-4F78-A67C-D11BC5DD2580}.Release|Any CPU.ActiveCfg = Release|Any CPU
		{567D30DA-C803-4F78-A67C-D11BC5DD2580}.Release|Any CPU.Build.0 = Release|Any CPU
		{567D30DA-C803-4F78-A67C-D11BC5DD2580}.Release|ARM.ActiveCfg = Release|Any CPU
		{567D30DA-C803-4F78-A67C-D11BC5DD2580}.Release|ARM.Build.0 = Release|Any CPU
		{567D30DA-C803-4F78-A67C-D11BC5DD2580}.Release|ARM64.ActiveCfg = Release|Any CPU
		{567D30DA-C803-4F78-A67C-D11BC5DD2580}.Release|ARM64.Build.0 = Release|Any CPU
		{567D30DA-C803-4F78-A67C-D11BC5DD2580}.Release|x64.ActiveCfg = Release|Any CPU
		{567D30DA-C803-4F78-A67C-D11BC5DD2580}.Release|x64.Build.0 = Release|Any CPU
		{567D30DA-C803-4F78-A67C-D11BC5DD2580}.Release|x86.ActiveCfg = Release|Any CPU
		{567D30DA-C803-4F78-A67C-D11BC5DD2580}.Release|x86.Build.0 = Release|Any CPU
		{22F6CCCF-FBA6-46B7-80D6-B92F63745CC0}.Debug|Any CPU.ActiveCfg = Debug|Any CPU
		{22F6CCCF-FBA6-46B7-80D6-B92F63745CC0}.Debug|Any CPU.Build.0 = Debug|Any CPU
		{22F6CCCF-FBA6-46B7-80D6-B92F63745CC0}.Debug|ARM.ActiveCfg = Debug|Any CPU
		{22F6CCCF-FBA6-46B7-80D6-B92F63745CC0}.Debug|ARM.Build.0 = Debug|Any CPU
		{22F6CCCF-FBA6-46B7-80D6-B92F63745CC0}.Debug|ARM64.ActiveCfg = Debug|Any CPU
		{22F6CCCF-FBA6-46B7-80D6-B92F63745CC0}.Debug|ARM64.Build.0 = Debug|Any CPU
		{22F6CCCF-FBA6-46B7-80D6-B92F63745CC0}.Debug|x64.ActiveCfg = Debug|Any CPU
		{22F6CCCF-FBA6-46B7-80D6-B92F63745CC0}.Debug|x64.Build.0 = Debug|Any CPU
		{22F6CCCF-FBA6-46B7-80D6-B92F63745CC0}.Debug|x86.ActiveCfg = Debug|Any CPU
		{22F6CCCF-FBA6-46B7-80D6-B92F63745CC0}.Debug|x86.Build.0 = Debug|Any CPU
		{22F6CCCF-FBA6-46B7-80D6-B92F63745CC0}.Release|Any CPU.ActiveCfg = Release|Any CPU
		{22F6CCCF-FBA6-46B7-80D6-B92F63745CC0}.Release|Any CPU.Build.0 = Release|Any CPU
		{22F6CCCF-FBA6-46B7-80D6-B92F63745CC0}.Release|ARM.ActiveCfg = Release|Any CPU
		{22F6CCCF-FBA6-46B7-80D6-B92F63745CC0}.Release|ARM.Build.0 = Release|Any CPU
		{22F6CCCF-FBA6-46B7-80D6-B92F63745CC0}.Release|ARM64.ActiveCfg = Release|Any CPU
		{22F6CCCF-FBA6-46B7-80D6-B92F63745CC0}.Release|ARM64.Build.0 = Release|Any CPU
		{22F6CCCF-FBA6-46B7-80D6-B92F63745CC0}.Release|x64.ActiveCfg = Release|Any CPU
		{22F6CCCF-FBA6-46B7-80D6-B92F63745CC0}.Release|x64.Build.0 = Release|Any CPU
		{22F6CCCF-FBA6-46B7-80D6-B92F63745CC0}.Release|x86.ActiveCfg = Release|Any CPU
		{22F6CCCF-FBA6-46B7-80D6-B92F63745CC0}.Release|x86.Build.0 = Release|Any CPU
		{51CA92EA-9F9D-4A2F-88B4-E41952DC1EA5}.Debug|Any CPU.ActiveCfg = Debug|Any CPU
		{51CA92EA-9F9D-4A2F-88B4-E41952DC1EA5}.Debug|Any CPU.Build.0 = Debug|Any CPU
		{51CA92EA-9F9D-4A2F-88B4-E41952DC1EA5}.Debug|ARM.ActiveCfg = Debug|Any CPU
		{51CA92EA-9F9D-4A2F-88B4-E41952DC1EA5}.Debug|ARM.Build.0 = Debug|Any CPU
		{51CA92EA-9F9D-4A2F-88B4-E41952DC1EA5}.Debug|ARM64.ActiveCfg = Debug|Any CPU
		{51CA92EA-9F9D-4A2F-88B4-E41952DC1EA5}.Debug|ARM64.Build.0 = Debug|Any CPU
		{51CA92EA-9F9D-4A2F-88B4-E41952DC1EA5}.Debug|x64.ActiveCfg = Debug|Any CPU
		{51CA92EA-9F9D-4A2F-88B4-E41952DC1EA5}.Debug|x64.Build.0 = Debug|Any CPU
		{51CA92EA-9F9D-4A2F-88B4-E41952DC1EA5}.Debug|x86.ActiveCfg = Debug|Any CPU
		{51CA92EA-9F9D-4A2F-88B4-E41952DC1EA5}.Debug|x86.Build.0 = Debug|Any CPU
		{51CA92EA-9F9D-4A2F-88B4-E41952DC1EA5}.Release|Any CPU.ActiveCfg = Release|Any CPU
		{51CA92EA-9F9D-4A2F-88B4-E41952DC1EA5}.Release|Any CPU.Build.0 = Release|Any CPU
		{51CA92EA-9F9D-4A2F-88B4-E41952DC1EA5}.Release|ARM.ActiveCfg = Release|Any CPU
		{51CA92EA-9F9D-4A2F-88B4-E41952DC1EA5}.Release|ARM.Build.0 = Release|Any CPU
		{51CA92EA-9F9D-4A2F-88B4-E41952DC1EA5}.Release|ARM64.ActiveCfg = Release|Any CPU
		{51CA92EA-9F9D-4A2F-88B4-E41952DC1EA5}.Release|ARM64.Build.0 = Release|Any CPU
		{51CA92EA-9F9D-4A2F-88B4-E41952DC1EA5}.Release|x64.ActiveCfg = Release|Any CPU
		{51CA92EA-9F9D-4A2F-88B4-E41952DC1EA5}.Release|x64.Build.0 = Release|Any CPU
		{51CA92EA-9F9D-4A2F-88B4-E41952DC1EA5}.Release|x86.ActiveCfg = Release|Any CPU
		{51CA92EA-9F9D-4A2F-88B4-E41952DC1EA5}.Release|x86.Build.0 = Release|Any CPU
		{E95268F9-37C5-4254-8154-ADC18EFAEDBF}.Debug|Any CPU.ActiveCfg = Debug|Any CPU
		{E95268F9-37C5-4254-8154-ADC18EFAEDBF}.Debug|Any CPU.Build.0 = Debug|Any CPU
		{E95268F9-37C5-4254-8154-ADC18EFAEDBF}.Debug|ARM.ActiveCfg = Debug|Any CPU
		{E95268F9-37C5-4254-8154-ADC18EFAEDBF}.Debug|ARM.Build.0 = Debug|Any CPU
		{E95268F9-37C5-4254-8154-ADC18EFAEDBF}.Debug|ARM64.ActiveCfg = Debug|Any CPU
		{E95268F9-37C5-4254-8154-ADC18EFAEDBF}.Debug|ARM64.Build.0 = Debug|Any CPU
		{E95268F9-37C5-4254-8154-ADC18EFAEDBF}.Debug|x64.ActiveCfg = Debug|Any CPU
		{E95268F9-37C5-4254-8154-ADC18EFAEDBF}.Debug|x64.Build.0 = Debug|Any CPU
		{E95268F9-37C5-4254-8154-ADC18EFAEDBF}.Debug|x86.ActiveCfg = Debug|Any CPU
		{E95268F9-37C5-4254-8154-ADC18EFAEDBF}.Debug|x86.Build.0 = Debug|Any CPU
		{E95268F9-37C5-4254-8154-ADC18EFAEDBF}.Release|Any CPU.ActiveCfg = Release|Any CPU
		{E95268F9-37C5-4254-8154-ADC18EFAEDBF}.Release|Any CPU.Build.0 = Release|Any CPU
		{E95268F9-37C5-4254-8154-ADC18EFAEDBF}.Release|ARM.ActiveCfg = Release|Any CPU
		{E95268F9-37C5-4254-8154-ADC18EFAEDBF}.Release|ARM.Build.0 = Release|Any CPU
		{E95268F9-37C5-4254-8154-ADC18EFAEDBF}.Release|ARM64.ActiveCfg = Release|Any CPU
		{E95268F9-37C5-4254-8154-ADC18EFAEDBF}.Release|ARM64.Build.0 = Release|Any CPU
		{E95268F9-37C5-4254-8154-ADC18EFAEDBF}.Release|x64.ActiveCfg = Release|Any CPU
		{E95268F9-37C5-4254-8154-ADC18EFAEDBF}.Release|x64.Build.0 = Release|Any CPU
		{E95268F9-37C5-4254-8154-ADC18EFAEDBF}.Release|x86.ActiveCfg = Release|Any CPU
		{E95268F9-37C5-4254-8154-ADC18EFAEDBF}.Release|x86.Build.0 = Release|Any CPU
		{252F630C-EEF4-4CE6-B5AB-3C0890B5BFA5}.Debug|Any CPU.ActiveCfg = Debug|Any CPU
		{252F630C-EEF4-4CE6-B5AB-3C0890B5BFA5}.Debug|Any CPU.Build.0 = Debug|Any CPU
		{252F630C-EEF4-4CE6-B5AB-3C0890B5BFA5}.Debug|ARM.ActiveCfg = Debug|Any CPU
		{252F630C-EEF4-4CE6-B5AB-3C0890B5BFA5}.Debug|ARM.Build.0 = Debug|Any CPU
		{252F630C-EEF4-4CE6-B5AB-3C0890B5BFA5}.Debug|ARM64.ActiveCfg = Debug|Any CPU
		{252F630C-EEF4-4CE6-B5AB-3C0890B5BFA5}.Debug|ARM64.Build.0 = Debug|Any CPU
		{252F630C-EEF4-4CE6-B5AB-3C0890B5BFA5}.Debug|x64.ActiveCfg = Debug|Any CPU
		{252F630C-EEF4-4CE6-B5AB-3C0890B5BFA5}.Debug|x64.Build.0 = Debug|Any CPU
		{252F630C-EEF4-4CE6-B5AB-3C0890B5BFA5}.Debug|x86.ActiveCfg = Debug|Any CPU
		{252F630C-EEF4-4CE6-B5AB-3C0890B5BFA5}.Debug|x86.Build.0 = Debug|Any CPU
		{252F630C-EEF4-4CE6-B5AB-3C0890B5BFA5}.Release|Any CPU.ActiveCfg = Release|Any CPU
		{252F630C-EEF4-4CE6-B5AB-3C0890B5BFA5}.Release|Any CPU.Build.0 = Release|Any CPU
		{252F630C-EEF4-4CE6-B5AB-3C0890B5BFA5}.Release|ARM.ActiveCfg = Release|Any CPU
		{252F630C-EEF4-4CE6-B5AB-3C0890B5BFA5}.Release|ARM.Build.0 = Release|Any CPU
		{252F630C-EEF4-4CE6-B5AB-3C0890B5BFA5}.Release|ARM64.ActiveCfg = Release|Any CPU
		{252F630C-EEF4-4CE6-B5AB-3C0890B5BFA5}.Release|ARM64.Build.0 = Release|Any CPU
		{252F630C-EEF4-4CE6-B5AB-3C0890B5BFA5}.Release|x64.ActiveCfg = Release|Any CPU
		{252F630C-EEF4-4CE6-B5AB-3C0890B5BFA5}.Release|x64.Build.0 = Release|Any CPU
		{252F630C-EEF4-4CE6-B5AB-3C0890B5BFA5}.Release|x86.ActiveCfg = Release|Any CPU
		{252F630C-EEF4-4CE6-B5AB-3C0890B5BFA5}.Release|x86.Build.0 = Release|Any CPU
	EndGlobalSection
	GlobalSection(SolutionProperties) = preSolution
		HideSolutionNode = FALSE
	EndGlobalSection
	GlobalSection(ExtensibilityGlobals) = postSolution
		SolutionGuid = {46C26131-6311-4AF0-9FD3-E5FE08E34673}
	EndGlobalSection
EndGlobal
