
Microsoft Visual Studio Solution File, Format Version 12.00
# Visual Studio Version 16
VisualStudioVersion = 16.0.32126.315
MinimumVisualStudioVersion = 10.0.40219.1
Project("{9A19103F-16F7-4668-BE54-9A1E7A4F7556}") = "WeatherWPF", "WeatherWPF.csproj", "{74971D3C-673E-4D24-90E7-530D0AC36DF9}"
EndProject
Project("{9A19103F-16F7-4668-BE54-9A1E7A4F7556}") = "WeatherClasses", "..\WeatherClasses\WeatherClasses.csproj", "{78E3C7D6-C75F-49CA-B75B-B5399691D16B}"
EndProject
Project("{9A19103F-16F7-4668-BE54-9A1E7A4F7556}") = "JsonParsingLibrary", "..\JsonParsingLibrary\JsonParsingLibrary.csproj", "{68BA13AA-DABE-4783-AB81-ECB8E62AFC48}"
EndProject
Project("{9A19103F-16F7-4668-BE54-9A1E7A4F7556}") = "WeatherWinForms", "..\WeatherWinForms\WeatherWinForms.csproj", "{7AF50D24-C13F-41AA-B6B2-2D02EF71B72F}"
EndProject
Project("{FAE04EC0-301F-11D3-BF4B-00C04F79EFBC}") = "WeatherClasses.Tests", "..\WeatherClasses.Tests\WeatherClasses.Tests.csproj", "{320685B6-9D75-46E1-BB46-279D0BEBF690}"
EndProject
Global
	GlobalSection(SolutionConfigurationPlatforms) = preSolution
		Debug|Any CPU = Debug|Any CPU
		Release|Any CPU = Release|Any CPU
	EndGlobalSection
	GlobalSection(ProjectConfigurationPlatforms) = postSolution
		{74971D3C-673E-4D24-90E7-530D0AC36DF9}.Debug|Any CPU.ActiveCfg = Debug|Any CPU
		{74971D3C-673E-4D24-90E7-530D0AC36DF9}.Debug|Any CPU.Build.0 = Debug|Any CPU
		{74971D3C-673E-4D24-90E7-530D0AC36DF9}.Release|Any CPU.ActiveCfg = Release|Any CPU
		{74971D3C-673E-4D24-90E7-530D0AC36DF9}.Release|Any CPU.Build.0 = Release|Any CPU
		{78E3C7D6-C75F-49CA-B75B-B5399691D16B}.Debug|Any CPU.ActiveCfg = Debug|Any CPU
		{78E3C7D6-C75F-49CA-B75B-B5399691D16B}.Debug|Any CPU.Build.0 = Debug|Any CPU
		{78E3C7D6-C75F-49CA-B75B-B5399691D16B}.Release|Any CPU.ActiveCfg = Release|Any CPU
		{78E3C7D6-C75F-49CA-B75B-B5399691D16B}.Release|Any CPU.Build.0 = Release|Any CPU
		{68BA13AA-DABE-4783-AB81-ECB8E62AFC48}.Debug|Any CPU.ActiveCfg = Debug|Any CPU
		{68BA13AA-DABE-4783-AB81-ECB8E62AFC48}.Debug|Any CPU.Build.0 = Debug|Any CPU
		{68BA13AA-DABE-4783-AB81-ECB8E62AFC48}.Release|Any CPU.ActiveCfg = Release|Any CPU
		{68BA13AA-DABE-4783-AB81-ECB8E62AFC48}.Release|Any CPU.Build.0 = Release|Any CPU
		{7AF50D24-C13F-41AA-B6B2-2D02EF71B72F}.Debug|Any CPU.ActiveCfg = Debug|Any CPU
		{7AF50D24-C13F-41AA-B6B2-2D02EF71B72F}.Debug|Any CPU.Build.0 = Debug|Any CPU
		{7AF50D24-C13F-41AA-B6B2-2D02EF71B72F}.Release|Any CPU.ActiveCfg = Release|Any CPU
		{7AF50D24-C13F-41AA-B6B2-2D02EF71B72F}.Release|Any CPU.Build.0 = Release|Any CPU
		{320685B6-9D75-46E1-BB46-279D0BEBF690}.Debug|Any CPU.ActiveCfg = Debug|Any CPU
		{320685B6-9D75-46E1-BB46-279D0BEBF690}.Debug|Any CPU.Build.0 = Debug|Any CPU
		{320685B6-9D75-46E1-BB46-279D0BEBF690}.Release|Any CPU.ActiveCfg = Release|Any CPU
		{320685B6-9D75-46E1-BB46-279D0BEBF690}.Release|Any CPU.Build.0 = Release|Any CPU
	EndGlobalSection
	GlobalSection(SolutionProperties) = preSolution
		HideSolutionNode = FALSE
	EndGlobalSection
	GlobalSection(ExtensibilityGlobals) = postSolution
		SolutionGuid = {E6D6D854-C3B8-45B6-B0D8-037632EC4383}
	EndGlobalSection
EndGlobal
