
Microsoft Visual Studio Solution File, Format Version 12.00
# Visual Studio Version 17
VisualStudioVersion = 17.1.32210.238
MinimumVisualStudioVersion = 10.0.40219.1
Project("{9A19103F-16F7-4668-BE54-9A1E7A4F7556}") = "DeansOffice", "DeansOffice\DeansOffice.csproj", "{474FFF5B-011E-4E39-AF5E-B4C12D909770}"
EndProject
Project("{9A19103F-16F7-4668-BE54-9A1E7A4F7556}") = "DOWEBAPI", "DOWEBAPI\DOWEBAPI.csproj", "{26691AB9-902F-4660-B6EA-6B664646EC42}"
EndProject
Project("{FAE04EC0-301F-11D3-BF4B-00C04F79EFBC}") = "DeansOfficeTest", "DeansOfficeTest\DeansOfficeTest.csproj", "{5DC2B863-83B3-4A2B-88EE-D9EA3260304C}"
EndProject
Global
	GlobalSection(SolutionConfigurationPlatforms) = preSolution
		Debug|Any CPU = Debug|Any CPU
		Release|Any CPU = Release|Any CPU
	EndGlobalSection
	GlobalSection(ProjectConfigurationPlatforms) = postSolution
		{474FFF5B-011E-4E39-AF5E-B4C12D909770}.Debug|Any CPU.ActiveCfg = Debug|Any CPU
		{474FFF5B-011E-4E39-AF5E-B4C12D909770}.Debug|Any CPU.Build.0 = Debug|Any CPU
		{474FFF5B-011E-4E39-AF5E-B4C12D909770}.Release|Any CPU.ActiveCfg = Release|Any CPU
		{474FFF5B-011E-4E39-AF5E-B4C12D909770}.Release|Any CPU.Build.0 = Release|Any CPU
		{26691AB9-902F-4660-B6EA-6B664646EC42}.Debug|Any CPU.ActiveCfg = Debug|Any CPU
		{26691AB9-902F-4660-B6EA-6B664646EC42}.Debug|Any CPU.Build.0 = Debug|Any CPU
		{26691AB9-902F-4660-B6EA-6B664646EC42}.Release|Any CPU.ActiveCfg = Release|Any CPU
		{26691AB9-902F-4660-B6EA-6B664646EC42}.Release|Any CPU.Build.0 = Release|Any CPU
		{5DC2B863-83B3-4A2B-88EE-D9EA3260304C}.Debug|Any CPU.ActiveCfg = Debug|Any CPU
		{5DC2B863-83B3-4A2B-88EE-D9EA3260304C}.Debug|Any CPU.Build.0 = Debug|Any CPU
		{5DC2B863-83B3-4A2B-88EE-D9EA3260304C}.Release|Any CPU.ActiveCfg = Release|Any CPU
		{5DC2B863-83B3-4A2B-88EE-D9EA3260304C}.Release|Any CPU.Build.0 = Release|Any CPU
	EndGlobalSection
	GlobalSection(SolutionProperties) = preSolution
		HideSolutionNode = FALSE
	EndGlobalSection
	GlobalSection(ExtensibilityGlobals) = postSolution
		SolutionGuid = {8AE64B6B-9FC2-46E8-B6A0-6B4E0E19A7E7}
	EndGlobalSection
EndGlobal
