
Microsoft Visual Studio Solution File, Format Version 12.00
Project("{FAE04EC0-301F-11D3-BF4B-00C04F79EFBC}") = "ExamSystem", "ExamSystem\ExamSystem.csproj", "{ABB181E3-250D-4117-AED2-FBC8DF952D49}"
EndProject
Project("{FAE04EC0-301F-11D3-BF4B-00C04F79EFBC}") = "Sets", "Sets\Sets.csproj", "{BFBE01E6-7B9C-4F71-ACC0-422A831D6322}"
EndProject
Global
	GlobalSection(SolutionConfigurationPlatforms) = preSolution
		Debug|Any CPU = Debug|Any CPU
		Release|Any CPU = Release|Any CPU
	EndGlobalSection
	GlobalSection(ProjectConfigurationPlatforms) = postSolution
		{ABB181E3-250D-4117-AED2-FBC8DF952D49}.Debug|Any CPU.ActiveCfg = Debug|Any CPU
		{ABB181E3-250D-4117-AED2-FBC8DF952D49}.Debug|Any CPU.Build.0 = Debug|Any CPU
		{ABB181E3-250D-4117-AED2-FBC8DF952D49}.Release|Any CPU.ActiveCfg = Release|Any CPU
		{ABB181E3-250D-4117-AED2-FBC8DF952D49}.Release|Any CPU.Build.0 = Release|Any CPU
		{BFBE01E6-7B9C-4F71-ACC0-422A831D6322}.Debug|Any CPU.ActiveCfg = Debug|Any CPU
		{BFBE01E6-7B9C-4F71-ACC0-422A831D6322}.Debug|Any CPU.Build.0 = Debug|Any CPU
		{BFBE01E6-7B9C-4F71-ACC0-422A831D6322}.Release|Any CPU.ActiveCfg = Release|Any CPU
		{BFBE01E6-7B9C-4F71-ACC0-422A831D6322}.Release|Any CPU.Build.0 = Release|Any CPU
	EndGlobalSection
EndGlobal
