
Microsoft Visual Studio Solution File, Format Version 12.00
# Visual Studio Version 16
VisualStudioVersion = 16.0.31729.503
MinimumVisualStudioVersion = 10.0.40219.1
Project("{8BC9CEB8-8B4A-11D0-8D11-00A0C91BC942}") = "Hashtable", "Hashtable\Hashtable.vcxproj", "{2DD37D6B-6BE0-439B-B536-7F8CB25495EF}"
EndProject
Global
	GlobalSection(SolutionConfigurationPlatforms) = preSolution
		Debug|x64 = Debug|x64
		Debug|x86 = Debug|x86
		Release|x64 = Release|x64
		Release|x86 = Release|x86
	EndGlobalSection
	GlobalSection(ProjectConfigurationPlatforms) = postSolution
		{2DD37D6B-6BE0-439B-B536-7F8CB25495EF}.Debug|x64.ActiveCfg = Debug|x64
		{2DD37D6B-6BE0-439B-B536-7F8CB25495EF}.Debug|x64.Build.0 = Debug|x64
		{2DD37D6B-6BE0-439B-B536-7F8CB25495EF}.Debug|x86.ActiveCfg = Debug|Win32
		{2DD37D6B-6BE0-439B-B536-7F8CB25495EF}.Debug|x86.Build.0 = Debug|Win32
		{2DD37D6B-6BE0-439B-B536-7F8CB25495EF}.Release|x64.ActiveCfg = Release|x64
		{2DD37D6B-6BE0-439B-B536-7F8CB25495EF}.Release|x64.Build.0 = Release|x64
		{2DD37D6B-6BE0-439B-B536-7F8CB25495EF}.Release|x86.ActiveCfg = Release|Win32
		{2DD37D6B-6BE0-439B-B536-7F8CB25495EF}.Release|x86.Build.0 = Release|Win32
	EndGlobalSection
	GlobalSection(SolutionProperties) = preSolution
		HideSolutionNode = FALSE
	EndGlobalSection
	GlobalSection(ExtensibilityGlobals) = postSolution
		SolutionGuid = {04D377FB-2159-41BA-958B-8AFD2C1A7A3B}
	EndGlobalSection
EndGlobal
