
Microsoft Visual Studio Solution File, Format Version 12.00
# Visual Studio Version 16
VisualStudioVersion = 16.0.31424.327
MinimumVisualStudioVersion = 10.0.40219.1
Project("{8BC9CEB8-8B4A-11D0-8D11-00A0C91BC942}") = "HashTable", "HashTable\HashTable.vcxproj", "{34522E89-130C-4176-96F1-F8CA3F528BB1}"
EndProject
Global
	GlobalSection(SolutionConfigurationPlatforms) = preSolution
		Debug|x64 = Debug|x64
		Debug|x86 = Debug|x86
		Release|x64 = Release|x64
		Release|x86 = Release|x86
	EndGlobalSection
	GlobalSection(ProjectConfigurationPlatforms) = postSolution
		{34522E89-130C-4176-96F1-F8CA3F528BB1}.Debug|x64.ActiveCfg = Debug|x64
		{34522E89-130C-4176-96F1-F8CA3F528BB1}.Debug|x64.Build.0 = Debug|x64
		{34522E89-130C-4176-96F1-F8CA3F528BB1}.Debug|x86.ActiveCfg = Debug|Win32
		{34522E89-130C-4176-96F1-F8CA3F528BB1}.Debug|x86.Build.0 = Debug|Win32
		{34522E89-130C-4176-96F1-F8CA3F528BB1}.Release|x64.ActiveCfg = Release|x64
		{34522E89-130C-4176-96F1-F8CA3F528BB1}.Release|x64.Build.0 = Release|x64
		{34522E89-130C-4176-96F1-F8CA3F528BB1}.Release|x86.ActiveCfg = Release|Win32
		{34522E89-130C-4176-96F1-F8CA3F528BB1}.Release|x86.Build.0 = Release|Win32
	EndGlobalSection
	GlobalSection(SolutionProperties) = preSolution
		HideSolutionNode = FALSE
	EndGlobalSection
	GlobalSection(ExtensibilityGlobals) = postSolution
		SolutionGuid = {2F7A5683-DDBE-4429-B055-84E690EEA890}
	EndGlobalSection
EndGlobal
