
Microsoft Visual Studio Solution File, Format Version 12.00
# Visual Studio Version 17
VisualStudioVersion = 17.1.32328.378
MinimumVisualStudioVersion = 10.0.40219.1
Project("{FAE04EC0-301F-11D3-BF4B-00C04F79EFBC}") = "WeatherApp", "WeatherApp\WeatherApp.csproj", "{5CF71294-12E5-4214-A573-8E866E37A8DF}"
EndProject
Project("{FAE04EC0-301F-11D3-BF4B-00C04F79EFBC}") = "WeatherServiceLib", "WeatherServiceLib\WeatherServiceLib.csproj", "{8E6D0BBB-2889-451F-96C2-2CD7E0D64E65}"
EndProject
Project("{FAE04EC0-301F-11D3-BF4B-00C04F79EFBC}") = "StormGlassWeatherServiceLib", "StormGlassWeatherServiceLib\StormGlassWeatherServiceLib.csproj", "{51CA61E0-D24C-4BF0-8EE5-E5890A226F87}"
EndProject
Project("{FAE04EC0-301F-11D3-BF4B-00C04F79EFBC}") = "OpenWeatherMapServiceLib", "OpenWeatherMapServiceLib\OpenWeatherMapServiceLib.csproj", "{1D4BB2C7-51CD-4EEA-857F-20AEB37675EA}"
EndProject
Project("{FAE04EC0-301F-11D3-BF4B-00C04F79EFBC}") = "WeatherServiceTests", "WeatherServiceTests\WeatherServiceTests.csproj", "{8970A963-A2F2-47D3-A3C8-5A1E0060828A}"
EndProject
Global
	GlobalSection(SolutionConfigurationPlatforms) = preSolution
		Debug|Any CPU = Debug|Any CPU
		Release|Any CPU = Release|Any CPU
	EndGlobalSection
	GlobalSection(ProjectConfigurationPlatforms) = postSolution
		{5CF71294-12E5-4214-A573-8E866E37A8DF}.Debug|Any CPU.ActiveCfg = Debug|Any CPU
		{5CF71294-12E5-4214-A573-8E866E37A8DF}.Debug|Any CPU.Build.0 = Debug|Any CPU
		{5CF71294-12E5-4214-A573-8E866E37A8DF}.Release|Any CPU.ActiveCfg = Release|Any CPU
		{5CF71294-12E5-4214-A573-8E866E37A8DF}.Release|Any CPU.Build.0 = Release|Any CPU
		{8E6D0BBB-2889-451F-96C2-2CD7E0D64E65}.Debug|Any CPU.ActiveCfg = Debug|Any CPU
		{8E6D0BBB-2889-451F-96C2-2CD7E0D64E65}.Debug|Any CPU.Build.0 = Debug|Any CPU
		{8E6D0BBB-2889-451F-96C2-2CD7E0D64E65}.Release|Any CPU.ActiveCfg = Release|Any CPU
		{8E6D0BBB-2889-451F-96C2-2CD7E0D64E65}.Release|Any CPU.Build.0 = Release|Any CPU
		{51CA61E0-D24C-4BF0-8EE5-E5890A226F87}.Debug|Any CPU.ActiveCfg = Debug|Any CPU
		{51CA61E0-D24C-4BF0-8EE5-E5890A226F87}.Debug|Any CPU.Build.0 = Debug|Any CPU
		{51CA61E0-D24C-4BF0-8EE5-E5890A226F87}.Release|Any CPU.ActiveCfg = Release|Any CPU
		{51CA61E0-D24C-4BF0-8EE5-E5890A226F87}.Release|Any CPU.Build.0 = Release|Any CPU
		{1D4BB2C7-51CD-4EEA-857F-20AEB37675EA}.Debug|Any CPU.ActiveCfg = Debug|Any CPU
		{1D4BB2C7-51CD-4EEA-857F-20AEB37675EA}.Debug|Any CPU.Build.0 = Debug|Any CPU
		{1D4BB2C7-51CD-4EEA-857F-20AEB37675EA}.Release|Any CPU.ActiveCfg = Release|Any CPU
		{1D4BB2C7-51CD-4EEA-857F-20AEB37675EA}.Release|Any CPU.Build.0 = Release|Any CPU
		{8970A963-A2F2-47D3-A3C8-5A1E0060828A}.Debug|Any CPU.ActiveCfg = Debug|Any CPU
		{8970A963-A2F2-47D3-A3C8-5A1E0060828A}.Debug|Any CPU.Build.0 = Debug|Any CPU
		{8970A963-A2F2-47D3-A3C8-5A1E0060828A}.Release|Any CPU.ActiveCfg = Release|Any CPU
		{8970A963-A2F2-47D3-A3C8-5A1E0060828A}.Release|Any CPU.Build.0 = Release|Any CPU
	EndGlobalSection
	GlobalSection(SolutionProperties) = preSolution
		HideSolutionNode = FALSE
	EndGlobalSection
	GlobalSection(ExtensibilityGlobals) = postSolution
		SolutionGuid = {1A1EF811-65D4-4E78-B89D-C165DD7918F9}
	EndGlobalSection
EndGlobal
