
Microsoft Visual Studio Solution File, Format Version 12.00
# Visual Studio Version 17
VisualStudioVersion = 17.1.32210.238
MinimumVisualStudioVersion = 10.0.40219.1
Project("{9A19103F-16F7-4668-BE54-9A1E7A4F7556}") = "WeatherApplication", "WeatherApplication\WeatherApplication.csproj", "{91203EF6-FBBB-44E2-B698-AA6DC6475912}"
EndProject
Project("{9A19103F-16F7-4668-BE54-9A1E7A4F7556}") = "DataGetter", "DataGetter\DataGetter.csproj", "{9A70C99D-FED1-47E0-84A6-96E5AAD5389F}"
EndProject
Project("{9A19103F-16F7-4668-BE54-9A1E7A4F7556}") = "DataGetter.UnitTests", "DataGetter.UnitTests\DataGetter.UnitTests.csproj", "{61B2ED6A-96D1-489B-9D73-F94AFDB4575E}"
EndProject
Project("{9A19103F-16F7-4668-BE54-9A1E7A4F7556}") = "WeatherApplication.UnitTests", "WeatherApplication.UnitTests\WeatherApplication.UnitTests.csproj", "{79C54F68-5DE6-452F-83A8-50A9FA4C5524}"
EndProject
Global
	GlobalSection(SolutionConfigurationPlatforms) = preSolution
		Debug|Any CPU = Debug|Any CPU
		Release|Any CPU = Release|Any CPU
	EndGlobalSection
	GlobalSection(ProjectConfigurationPlatforms) = postSolution
		{91203EF6-FBBB-44E2-B698-AA6DC6475912}.Debug|Any CPU.ActiveCfg = Debug|Any CPU
		{91203EF6-FBBB-44E2-B698-AA6DC6475912}.Debug|Any CPU.Build.0 = Debug|Any CPU
		{91203EF6-FBBB-44E2-B698-AA6DC6475912}.Release|Any CPU.ActiveCfg = Release|Any CPU
		{91203EF6-FBBB-44E2-B698-AA6DC6475912}.Release|Any CPU.Build.0 = Release|Any CPU
		{9A70C99D-FED1-47E0-84A6-96E5AAD5389F}.Debug|Any CPU.ActiveCfg = Debug|Any CPU
		{9A70C99D-FED1-47E0-84A6-96E5AAD5389F}.Debug|Any CPU.Build.0 = Debug|Any CPU
		{9A70C99D-FED1-47E0-84A6-96E5AAD5389F}.Release|Any CPU.ActiveCfg = Release|Any CPU
		{9A70C99D-FED1-47E0-84A6-96E5AAD5389F}.Release|Any CPU.Build.0 = Release|Any CPU
		{61B2ED6A-96D1-489B-9D73-F94AFDB4575E}.Debug|Any CPU.ActiveCfg = Debug|Any CPU
		{61B2ED6A-96D1-489B-9D73-F94AFDB4575E}.Debug|Any CPU.Build.0 = Debug|Any CPU
		{61B2ED6A-96D1-489B-9D73-F94AFDB4575E}.Release|Any CPU.ActiveCfg = Release|Any CPU
		{61B2ED6A-96D1-489B-9D73-F94AFDB4575E}.Release|Any CPU.Build.0 = Release|Any CPU
		{79C54F68-5DE6-452F-83A8-50A9FA4C5524}.Debug|Any CPU.ActiveCfg = Debug|Any CPU
		{79C54F68-5DE6-452F-83A8-50A9FA4C5524}.Debug|Any CPU.Build.0 = Debug|Any CPU
		{79C54F68-5DE6-452F-83A8-50A9FA4C5524}.Release|Any CPU.ActiveCfg = Release|Any CPU
		{79C54F68-5DE6-452F-83A8-50A9FA4C5524}.Release|Any CPU.Build.0 = Release|Any CPU
	EndGlobalSection
	GlobalSection(SolutionProperties) = preSolution
		HideSolutionNode = FALSE
	EndGlobalSection
	GlobalSection(ExtensibilityGlobals) = postSolution
		SolutionGuid = {57460A48-721E-4540-A63A-A87E0F7C8FE5}
	EndGlobalSection
EndGlobal
