
Microsoft Visual Studio Solution File, Format Version 12.00
# Visual Studio Version 17
VisualStudioVersion = 17.3.32811.315
MinimumVisualStudioVersion = 10.0.40219.1
Project("{9A19103F-16F7-4668-BE54-9A1E7A4F7556}") = "Task8", "Task8\Task8.csproj", "{F67DA45E-6CE0-463C-8180-98162CF0C346}"
EndProject
Project("{9A19103F-16F7-4668-BE54-9A1E7A4F7556}") = "Task8.Test", "Task8.Test\Task8.Test.csproj", "{3FF01444-273A-467D-BD36-BF8A70441AFC}"
EndProject
Global
	GlobalSection(SolutionConfigurationPlatforms) = preSolution
		Debug|Any CPU = Debug|Any CPU
		Release|Any CPU = Release|Any CPU
	EndGlobalSection
	GlobalSection(ProjectConfigurationPlatforms) = postSolution
		{F67DA45E-6CE0-463C-8180-98162CF0C346}.Debug|Any CPU.ActiveCfg = Debug|Any CPU
		{F67DA45E-6CE0-463C-8180-98162CF0C346}.Debug|Any CPU.Build.0 = Debug|Any CPU
		{F67DA45E-6CE0-463C-8180-98162CF0C346}.Release|Any CPU.ActiveCfg = Release|Any CPU
		{F67DA45E-6CE0-463C-8180-98162CF0C346}.Release|Any CPU.Build.0 = Release|Any CPU
		{3FF01444-273A-467D-BD36-BF8A70441AFC}.Debug|Any CPU.ActiveCfg = Debug|Any CPU
		{3FF01444-273A-467D-BD36-BF8A70441AFC}.Debug|Any CPU.Build.0 = Debug|Any CPU
		{3FF01444-273A-467D-BD36-BF8A70441AFC}.Release|Any CPU.ActiveCfg = Release|Any CPU
		{3FF01444-273A-467D-BD36-BF8A70441AFC}.Release|Any CPU.Build.0 = Release|Any CPU
	EndGlobalSection
	GlobalSection(SolutionProperties) = preSolution
		HideSolutionNode = FALSE
	EndGlobalSection
	GlobalSection(ExtensibilityGlobals) = postSolution
		SolutionGuid = {4E2151E5-7902-428B-B9C4-1555CD6D114B}
	EndGlobalSection
EndGlobal
