
Microsoft Visual Studio Solution File, Format Version 12.00
# Visual Studio Version 17
VisualStudioVersion = 17.5.33530.505
MinimumVisualStudioVersion = 10.0.40219.1
Project("{9A19103F-16F7-4668-BE54-9A1E7A4F7556}") = "P2PChat.Core", "P2PChat.Core\P2PChat.Core.csproj", "{A4863849-AE33-427D-9B3D-E91952B9665A}"
EndProject
Project("{9A19103F-16F7-4668-BE54-9A1E7A4F7556}") = "P2PChat.WPF", "P2PChat.WPF\P2PChat.WPF.csproj", "{E41ABB04-8C58-4968-ADE0-AAB2F22A10F9}"
EndProject
Project("{9A19103F-16F7-4668-BE54-9A1E7A4F7556}") = "P2PChat.Tests", "P2PChat.Tests\P2PChat.Tests.csproj", "{54DDB455-BF80-4169-9AF0-5F0C39D20FE5}"
EndProject
Global
	GlobalSection(SolutionConfigurationPlatforms) = preSolution
		Debug|Any CPU = Debug|Any CPU
		Release|Any CPU = Release|Any CPU
	EndGlobalSection
	GlobalSection(ProjectConfigurationPlatforms) = postSolution
		{A4863849-AE33-427D-9B3D-E91952B9665A}.Debug|Any CPU.ActiveCfg = Debug|Any CPU
		{A4863849-AE33-427D-9B3D-E91952B9665A}.Debug|Any CPU.Build.0 = Debug|Any CPU
		{A4863849-AE33-427D-9B3D-E91952B9665A}.Release|Any CPU.ActiveCfg = Release|Any CPU
		{A4863849-AE33-427D-9B3D-E91952B9665A}.Release|Any CPU.Build.0 = Release|Any CPU
		{E41ABB04-8C58-4968-ADE0-AAB2F22A10F9}.Debug|Any CPU.ActiveCfg = Debug|Any CPU
		{E41ABB04-8C58-4968-ADE0-AAB2F22A10F9}.Debug|Any CPU.Build.0 = Debug|Any CPU
		{E41ABB04-8C58-4968-ADE0-AAB2F22A10F9}.Release|Any CPU.ActiveCfg = Release|Any CPU
		{E41ABB04-8C58-4968-ADE0-AAB2F22A10F9}.Release|Any CPU.Build.0 = Release|Any CPU
		{54DDB455-BF80-4169-9AF0-5F0C39D20FE5}.Debug|Any CPU.ActiveCfg = Debug|Any CPU
		{54DDB455-BF80-4169-9AF0-5F0C39D20FE5}.Debug|Any CPU.Build.0 = Debug|Any CPU
		{54DDB455-BF80-4169-9AF0-5F0C39D20FE5}.Release|Any CPU.ActiveCfg = Release|Any CPU
		{54DDB455-BF80-4169-9AF0-5F0C39D20FE5}.Release|Any CPU.Build.0 = Release|Any CPU
	EndGlobalSection
	GlobalSection(SolutionProperties) = preSolution
		HideSolutionNode = FALSE
	EndGlobalSection
	GlobalSection(ExtensibilityGlobals) = postSolution
		SolutionGuid = {1EB0A09F-99E4-4BE0-9794-E5467BBAD64A}
	EndGlobalSection
EndGlobal
