
Microsoft Visual Studio Solution File, Format Version 12.00
# Visual Studio Version 17
VisualStudioVersion = 17.1.32319.34
MinimumVisualStudioVersion = 10.0.40219.1
Project("{9A19103F-16F7-4668-BE54-9A1E7A4F7556}") = "Casino", "BlackJack\Casino\Casino.csproj", "{EAD31974-4F55-4C4E-A9DC-84949C3272DC}"
EndProject
Project("{9A19103F-16F7-4668-BE54-9A1E7A4F7556}") = "Cards", "BlackJack\Cards\Cards.csproj", "{61671E43-4C5D-40A6-9D37-29B9B3CD66B2}"
EndProject
Project("{9A19103F-16F7-4668-BE54-9A1E7A4F7556}") = "BotStructure", "BlackJack\BotStructure\BotStructure.csproj", "{5349B958-338D-462A-861A-E878DE786028}"
EndProject
Project("{9A19103F-16F7-4668-BE54-9A1E7A4F7556}") = "BaseBot", "BlackJack\Bots\BaseBot\BaseBot.csproj", "{1CC35EC6-C8AB-4D88-AA98-E725666D8FFF}"
EndProject
Project("{9A19103F-16F7-4668-BE54-9A1E7A4F7556}") = "KellyBot", "BlackJack\Bots\KellyBot\KellyBot.csproj", "{F804E0C1-D67F-48AE-9134-52DFBDE505B6}"
EndProject
Project("{9A19103F-16F7-4668-BE54-9A1E7A4F7556}") = "ThorpBot", "BlackJack\Bots\ThorpBot\ThorpBot.csproj", "{1C1F08F7-B4FE-42A0-B42D-1192C1A4B0B7}"
EndProject
Project("{9A19103F-16F7-4668-BE54-9A1E7A4F7556}") = "CasinoTests", "BlackJackTests\CasinoTests\CasinoTests.csproj", "{397D4114-A80F-4282-9D62-40374F08AE28}"
EndProject
Project("{9A19103F-16F7-4668-BE54-9A1E7A4F7556}") = "CardsLibraryTests", "BlackJackTests\CardsLibraryTests\CardsLibraryTests.csproj", "{AF1A88EC-3EBB-4627-BD19-70747453C57D}"
EndProject
Project("{9A19103F-16F7-4668-BE54-9A1E7A4F7556}") = "BotsLibrariesTests", "BlackJackTests\BotsLibrariesTests\BotsLibrariesTests.csproj", "{60971C1F-E569-4CA0-88A8-4A7F59A6975C}"
EndProject
Project("{FAE04EC0-301F-11D3-BF4B-00C04F79EFBC}") = "Plugins", "BlackJack\Plugins\Plugins.csproj", "{3C4F05A9-E67E-40CD-996D-608FF599E57A}"
EndProject
Project("{FAE04EC0-301F-11D3-BF4B-00C04F79EFBC}") = "PluginsTests", "BlackJackTests\PluginsTests\PluginsTests.csproj", "{8FB3781B-F6CB-487E-9EB8-3E16A8C62B39}"
EndProject
Global
	GlobalSection(SolutionConfigurationPlatforms) = preSolution
		Debug|Any CPU = Debug|Any CPU
		Release|Any CPU = Release|Any CPU
	EndGlobalSection
	GlobalSection(ProjectConfigurationPlatforms) = postSolution
		{EAD31974-4F55-4C4E-A9DC-84949C3272DC}.Debug|Any CPU.ActiveCfg = Debug|Any CPU
		{EAD31974-4F55-4C4E-A9DC-84949C3272DC}.Debug|Any CPU.Build.0 = Debug|Any CPU
		{EAD31974-4F55-4C4E-A9DC-84949C3272DC}.Release|Any CPU.ActiveCfg = Release|Any CPU
		{EAD31974-4F55-4C4E-A9DC-84949C3272DC}.Release|Any CPU.Build.0 = Release|Any CPU
		{61671E43-4C5D-40A6-9D37-29B9B3CD66B2}.Debug|Any CPU.ActiveCfg = Debug|Any CPU
		{61671E43-4C5D-40A6-9D37-29B9B3CD66B2}.Debug|Any CPU.Build.0 = Debug|Any CPU
		{61671E43-4C5D-40A6-9D37-29B9B3CD66B2}.Release|Any CPU.ActiveCfg = Release|Any CPU
		{61671E43-4C5D-40A6-9D37-29B9B3CD66B2}.Release|Any CPU.Build.0 = Release|Any CPU
		{5349B958-338D-462A-861A-E878DE786028}.Debug|Any CPU.ActiveCfg = Debug|Any CPU
		{5349B958-338D-462A-861A-E878DE786028}.Debug|Any CPU.Build.0 = Debug|Any CPU
		{5349B958-338D-462A-861A-E878DE786028}.Release|Any CPU.ActiveCfg = Release|Any CPU
		{5349B958-338D-462A-861A-E878DE786028}.Release|Any CPU.Build.0 = Release|Any CPU
		{1CC35EC6-C8AB-4D88-AA98-E725666D8FFF}.Debug|Any CPU.ActiveCfg = Debug|Any CPU
		{1CC35EC6-C8AB-4D88-AA98-E725666D8FFF}.Debug|Any CPU.Build.0 = Debug|Any CPU
		{1CC35EC6-C8AB-4D88-AA98-E725666D8FFF}.Release|Any CPU.ActiveCfg = Release|Any CPU
		{1CC35EC6-C8AB-4D88-AA98-E725666D8FFF}.Release|Any CPU.Build.0 = Release|Any CPU
		{F804E0C1-D67F-48AE-9134-52DFBDE505B6}.Debug|Any CPU.ActiveCfg = Debug|Any CPU
		{F804E0C1-D67F-48AE-9134-52DFBDE505B6}.Debug|Any CPU.Build.0 = Debug|Any CPU
		{F804E0C1-D67F-48AE-9134-52DFBDE505B6}.Release|Any CPU.ActiveCfg = Release|Any CPU
		{F804E0C1-D67F-48AE-9134-52DFBDE505B6}.Release|Any CPU.Build.0 = Release|Any CPU
		{1C1F08F7-B4FE-42A0-B42D-1192C1A4B0B7}.Debug|Any CPU.ActiveCfg = Debug|Any CPU
		{1C1F08F7-B4FE-42A0-B42D-1192C1A4B0B7}.Debug|Any CPU.Build.0 = Debug|Any CPU
		{1C1F08F7-B4FE-42A0-B42D-1192C1A4B0B7}.Release|Any CPU.ActiveCfg = Release|Any CPU
		{1C1F08F7-B4FE-42A0-B42D-1192C1A4B0B7}.Release|Any CPU.Build.0 = Release|Any CPU
		{397D4114-A80F-4282-9D62-40374F08AE28}.Debug|Any CPU.ActiveCfg = Debug|Any CPU
		{397D4114-A80F-4282-9D62-40374F08AE28}.Debug|Any CPU.Build.0 = Debug|Any CPU
		{397D4114-A80F-4282-9D62-40374F08AE28}.Release|Any CPU.ActiveCfg = Release|Any CPU
		{397D4114-A80F-4282-9D62-40374F08AE28}.Release|Any CPU.Build.0 = Release|Any CPU
		{AF1A88EC-3EBB-4627-BD19-70747453C57D}.Debug|Any CPU.ActiveCfg = Debug|Any CPU
		{AF1A88EC-3EBB-4627-BD19-70747453C57D}.Debug|Any CPU.Build.0 = Debug|Any CPU
		{AF1A88EC-3EBB-4627-BD19-70747453C57D}.Release|Any CPU.ActiveCfg = Release|Any CPU
		{AF1A88EC-3EBB-4627-BD19-70747453C57D}.Release|Any CPU.Build.0 = Release|Any CPU
		{60971C1F-E569-4CA0-88A8-4A7F59A6975C}.Debug|Any CPU.ActiveCfg = Debug|Any CPU
		{60971C1F-E569-4CA0-88A8-4A7F59A6975C}.Debug|Any CPU.Build.0 = Debug|Any CPU
		{60971C1F-E569-4CA0-88A8-4A7F59A6975C}.Release|Any CPU.ActiveCfg = Release|Any CPU
		{60971C1F-E569-4CA0-88A8-4A7F59A6975C}.Release|Any CPU.Build.0 = Release|Any CPU
		{3C4F05A9-E67E-40CD-996D-608FF599E57A}.Debug|Any CPU.ActiveCfg = Debug|Any CPU
		{3C4F05A9-E67E-40CD-996D-608FF599E57A}.Debug|Any CPU.Build.0 = Debug|Any CPU
		{3C4F05A9-E67E-40CD-996D-608FF599E57A}.Release|Any CPU.ActiveCfg = Release|Any CPU
		{3C4F05A9-E67E-40CD-996D-608FF599E57A}.Release|Any CPU.Build.0 = Release|Any CPU
		{8FB3781B-F6CB-487E-9EB8-3E16A8C62B39}.Debug|Any CPU.ActiveCfg = Debug|Any CPU
		{8FB3781B-F6CB-487E-9EB8-3E16A8C62B39}.Debug|Any CPU.Build.0 = Debug|Any CPU
		{8FB3781B-F6CB-487E-9EB8-3E16A8C62B39}.Release|Any CPU.ActiveCfg = Release|Any CPU
		{8FB3781B-F6CB-487E-9EB8-3E16A8C62B39}.Release|Any CPU.Build.0 = Release|Any CPU
	EndGlobalSection
	GlobalSection(SolutionProperties) = preSolution
		HideSolutionNode = FALSE
	EndGlobalSection
	GlobalSection(ExtensibilityGlobals) = postSolution
		SolutionGuid = {C8BA5D60-1939-4473-995F-AE8DB9510A00}
	EndGlobalSection
EndGlobal
