
Microsoft Visual Studio Solution File, Format Version 12.00
# Visual Studio Version 17
VisualStudioVersion = 17.3.32825.248
MinimumVisualStudioVersion = 10.0.40219.1
Project("{9A19103F-16F7-4668-BE54-9A1E7A4F7556}") = "WeatherUI-WPF", "WeatherUI-WPF\WeatherUI-WPF.csproj", "{799DB282-D833-4FBE-A964-5F41E4BB49D8}"
EndProject
Global
	GlobalSection(SolutionConfigurationPlatforms) = preSolution
		Debug|Any CPU = Debug|Any CPU
		Release|Any CPU = Release|Any CPU
	EndGlobalSection
	GlobalSection(ProjectConfigurationPlatforms) = postSolution
		{799DB282-D833-4FBE-A964-5F41E4BB49D8}.Debug|Any CPU.ActiveCfg = Debug|Any CPU
		{799DB282-D833-4FBE-A964-5F41E4BB49D8}.Debug|Any CPU.Build.0 = Debug|Any CPU
		{799DB282-D833-4FBE-A964-5F41E4BB49D8}.Release|Any CPU.ActiveCfg = Release|Any CPU
		{799DB282-D833-4FBE-A964-5F41E4BB49D8}.Release|Any CPU.Build.0 = Release|Any CPU
	EndGlobalSection
	GlobalSection(SolutionProperties) = preSolution
		HideSolutionNode = FALSE
	EndGlobalSection
	GlobalSection(ExtensibilityGlobals) = postSolution
		SolutionGuid = {0B6AC170-B593-4980-B02E-A267C7CE0F93}
	EndGlobalSection
EndGlobal
