
Microsoft Visual Studio Solution File, Format Version 12.00
# Visual Studio Version 17
VisualStudioVersion = 17.1.32210.238
MinimumVisualStudioVersion = 10.0.40219.1
Project("{9A19103F-16F7-4668-BE54-9A1E7A4F7556}") = "HashTable", "HashTable\HashTable.csproj", "{E60F6DA9-5E07-432C-B468-58EC9903A1E7}"
EndProject
Project("{FAE04EC0-301F-11D3-BF4B-00C04F79EFBC}") = "DoublyLinkedList", "DoublyLinkedList\DoublyLinkedList.csproj", "{BCCE3FCC-49A4-4EB9-98E4-D6CBB64416A7}"
EndProject
Global
	GlobalSection(SolutionConfigurationPlatforms) = preSolution
		Debug|Any CPU = Debug|Any CPU
		Release|Any CPU = Release|Any CPU
	EndGlobalSection
	GlobalSection(ProjectConfigurationPlatforms) = postSolution
		{E60F6DA9-5E07-432C-B468-58EC9903A1E7}.Debug|Any CPU.ActiveCfg = Debug|Any CPU
		{E60F6DA9-5E07-432C-B468-58EC9903A1E7}.Debug|Any CPU.Build.0 = Debug|Any CPU
		{E60F6DA9-5E07-432C-B468-58EC9903A1E7}.Release|Any CPU.ActiveCfg = Release|Any CPU
		{E60F6DA9-5E07-432C-B468-58EC9903A1E7}.Release|Any CPU.Build.0 = Release|Any CPU
		{BCCE3FCC-49A4-4EB9-98E4-D6CBB64416A7}.Debug|Any CPU.ActiveCfg = Debug|Any CPU
		{BCCE3FCC-49A4-4EB9-98E4-D6CBB64416A7}.Debug|Any CPU.Build.0 = Debug|Any CPU
		{BCCE3FCC-49A4-4EB9-98E4-D6CBB64416A7}.Release|Any CPU.ActiveCfg = Release|Any CPU
		{BCCE3FCC-49A4-4EB9-98E4-D6CBB64416A7}.Release|Any CPU.Build.0 = Release|Any CPU
	EndGlobalSection
	GlobalSection(SolutionProperties) = preSolution
		HideSolutionNode = FALSE
	EndGlobalSection
	GlobalSection(ExtensibilityGlobals) = postSolution
		SolutionGuid = {D35BE8E1-FA35-48E2-B315-694A096D991C}
	EndGlobalSection
EndGlobal
