
Microsoft Visual Studio Solution File, Format Version 12.00
# Visual Studio Version 17
VisualStudioVersion = 17.1.32210.238
MinimumVisualStudioVersion = 10.0.40219.1
Project("{9A19103F-16F7-4668-BE54-9A1E7A4F7556}") = "DoublyLinkedList", "DoublyLinkedList\DoublyLinkedList.csproj", "{E45EAA5B-60C1-4141-A40A-A1007AB5C61E}"
EndProject
Project("{FAE04EC0-301F-11D3-BF4B-00C04F79EFBC}") = "DoublyLinkedListTests", "DoublyLinkedListTests\DoublyLinkedListTests.csproj", "{9A8FF968-4146-41BC-97E5-5C6A4D4AE002}"
EndProject
Global
	GlobalSection(SolutionConfigurationPlatforms) = preSolution
		Debug|Any CPU = Debug|Any CPU
		Release|Any CPU = Release|Any CPU
	EndGlobalSection
	GlobalSection(ProjectConfigurationPlatforms) = postSolution
		{E45EAA5B-60C1-4141-A40A-A1007AB5C61E}.Debug|Any CPU.ActiveCfg = Debug|Any CPU
		{E45EAA5B-60C1-4141-A40A-A1007AB5C61E}.Debug|Any CPU.Build.0 = Debug|Any CPU
		{E45EAA5B-60C1-4141-A40A-A1007AB5C61E}.Release|Any CPU.ActiveCfg = Release|Any CPU
		{E45EAA5B-60C1-4141-A40A-A1007AB5C61E}.Release|Any CPU.Build.0 = Release|Any CPU
		{9A8FF968-4146-41BC-97E5-5C6A4D4AE002}.Debug|Any CPU.ActiveCfg = Debug|Any CPU
		{9A8FF968-4146-41BC-97E5-5C6A4D4AE002}.Debug|Any CPU.Build.0 = Debug|Any CPU
		{9A8FF968-4146-41BC-97E5-5C6A4D4AE002}.Release|Any CPU.ActiveCfg = Release|Any CPU
		{9A8FF968-4146-41BC-97E5-5C6A4D4AE002}.Release|Any CPU.Build.0 = Release|Any CPU
	EndGlobalSection
	GlobalSection(SolutionProperties) = preSolution
		HideSolutionNode = FALSE
	EndGlobalSection
	GlobalSection(ExtensibilityGlobals) = postSolution
		SolutionGuid = {043F6718-606A-4A71-8AF5-483D57B36277}
	EndGlobalSection
EndGlobal
