
Microsoft Visual Studio Solution File, Format Version 12.00
# Visual Studio Version 17
VisualStudioVersion = 17.1.32228.430
MinimumVisualStudioVersion = 10.0.40219.1
Project("{9A19103F-16F7-4668-BE54-9A1E7A4F7556}") = "PrimitiveBotsTask", "PrimitiveBotsTask\PrimitiveBotsTask.csproj", "{1DAD124E-C23D-4F56-8EA3-38809E3FABDB}"
EndProject
Project("{9A19103F-16F7-4668-BE54-9A1E7A4F7556}") = "Blackjack", "Blackjack\Blackjack.csproj", "{5F8E4256-455E-4A50-B0CD-34639911C201}"
EndProject
Project("{9A19103F-16F7-4668-BE54-9A1E7A4F7556}") = "BlackjackBots", "BlackjackBots\BlackjackBots.csproj", "{EE816945-4F0F-4104-84FD-BDD7EB72EFD2}"
EndProject
Project("{FAE04EC0-301F-11D3-BF4B-00C04F79EFBC}") = "BlackjackBotsTests", "Tests\BlackjackBotsTests\BlackjackBotsTests.csproj", "{4FD28841-3464-44FA-BCFE-66D31391BCB4}"
EndProject
Project("{FAE04EC0-301F-11D3-BF4B-00C04F79EFBC}") = "BlackjackTests", "Tests\BlackjackTests\BlackjackTests.csproj", "{ADE9BBF2-000E-4E90-BAB2-AB9056681123}"
EndProject
Global
	GlobalSection(SolutionConfigurationPlatforms) = preSolution
		Debug|Any CPU = Debug|Any CPU
		Release|Any CPU = Release|Any CPU
	EndGlobalSection
	GlobalSection(ProjectConfigurationPlatforms) = postSolution
		{1DAD124E-C23D-4F56-8EA3-38809E3FABDB}.Debug|Any CPU.ActiveCfg = Debug|Any CPU
		{1DAD124E-C23D-4F56-8EA3-38809E3FABDB}.Debug|Any CPU.Build.0 = Debug|Any CPU
		{1DAD124E-C23D-4F56-8EA3-38809E3FABDB}.Release|Any CPU.ActiveCfg = Release|Any CPU
		{1DAD124E-C23D-4F56-8EA3-38809E3FABDB}.Release|Any CPU.Build.0 = Release|Any CPU
		{5F8E4256-455E-4A50-B0CD-34639911C201}.Debug|Any CPU.ActiveCfg = Debug|Any CPU
		{5F8E4256-455E-4A50-B0CD-34639911C201}.Debug|Any CPU.Build.0 = Debug|Any CPU
		{5F8E4256-455E-4A50-B0CD-34639911C201}.Release|Any CPU.ActiveCfg = Release|Any CPU
		{5F8E4256-455E-4A50-B0CD-34639911C201}.Release|Any CPU.Build.0 = Release|Any CPU
		{EE816945-4F0F-4104-84FD-BDD7EB72EFD2}.Debug|Any CPU.ActiveCfg = Debug|Any CPU
		{EE816945-4F0F-4104-84FD-BDD7EB72EFD2}.Debug|Any CPU.Build.0 = Debug|Any CPU
		{EE816945-4F0F-4104-84FD-BDD7EB72EFD2}.Release|Any CPU.ActiveCfg = Release|Any CPU
		{EE816945-4F0F-4104-84FD-BDD7EB72EFD2}.Release|Any CPU.Build.0 = Release|Any CPU
		{4FD28841-3464-44FA-BCFE-66D31391BCB4}.Debug|Any CPU.ActiveCfg = Debug|Any CPU
		{4FD28841-3464-44FA-BCFE-66D31391BCB4}.Debug|Any CPU.Build.0 = Debug|Any CPU
		{4FD28841-3464-44FA-BCFE-66D31391BCB4}.Release|Any CPU.ActiveCfg = Release|Any CPU
		{4FD28841-3464-44FA-BCFE-66D31391BCB4}.Release|Any CPU.Build.0 = Release|Any CPU
		{ADE9BBF2-000E-4E90-BAB2-AB9056681123}.Debug|Any CPU.ActiveCfg = Debug|Any CPU
		{ADE9BBF2-000E-4E90-BAB2-AB9056681123}.Debug|Any CPU.Build.0 = Debug|Any CPU
		{ADE9BBF2-000E-4E90-BAB2-AB9056681123}.Release|Any CPU.ActiveCfg = Release|Any CPU
		{ADE9BBF2-000E-4E90-BAB2-AB9056681123}.Release|Any CPU.Build.0 = Release|Any CPU
	EndGlobalSection
	GlobalSection(SolutionProperties) = preSolution
		HideSolutionNode = FALSE
	EndGlobalSection
	GlobalSection(ExtensibilityGlobals) = postSolution
		SolutionGuid = {2525DAE7-D2B0-4CA7-988E-D9F0DEB782FF}
	EndGlobalSection
EndGlobal
