
Microsoft Visual Studio Solution File, Format Version 12.00
# Visual Studio Version 17
VisualStudioVersion = 17.1.32407.343
MinimumVisualStudioVersion = 10.0.40219.1
Project("{9A19103F-16F7-4668-BE54-9A1E7A4F7556}") = "Weather", "Weather\Weather.csproj", "{C9F39640-8706-43DA-9127-6038ABE7102B}"
EndProject
Project("{FAE04EC0-301F-11D3-BF4B-00C04F79EFBC}") = "Weather.UnitTests", "Weather.UnitTests\Weather.UnitTests.csproj", "{4A059F59-1EE6-46F9-8281-819435A3449D}"
EndProject
Global
	GlobalSection(SolutionConfigurationPlatforms) = preSolution
		Debug|Any CPU = Debug|Any CPU
		Release|Any CPU = Release|Any CPU
	EndGlobalSection
	GlobalSection(ProjectConfigurationPlatforms) = postSolution
		{C9F39640-8706-43DA-9127-6038ABE7102B}.Debug|Any CPU.ActiveCfg = Debug|Any CPU
		{C9F39640-8706-43DA-9127-6038ABE7102B}.Debug|Any CPU.Build.0 = Debug|Any CPU
		{C9F39640-8706-43DA-9127-6038ABE7102B}.Release|Any CPU.ActiveCfg = Release|Any CPU
		{C9F39640-8706-43DA-9127-6038ABE7102B}.Release|Any CPU.Build.0 = Release|Any CPU
		{4A059F59-1EE6-46F9-8281-819435A3449D}.Debug|Any CPU.ActiveCfg = Debug|Any CPU
		{4A059F59-1EE6-46F9-8281-819435A3449D}.Debug|Any CPU.Build.0 = Debug|Any CPU
		{4A059F59-1EE6-46F9-8281-819435A3449D}.Release|Any CPU.ActiveCfg = Release|Any CPU
		{4A059F59-1EE6-46F9-8281-819435A3449D}.Release|Any CPU.Build.0 = Release|Any CPU
	EndGlobalSection
	GlobalSection(SolutionProperties) = preSolution
		HideSolutionNode = FALSE
	EndGlobalSection
	GlobalSection(ExtensibilityGlobals) = postSolution
		SolutionGuid = {5596F664-D391-4C32-ACDA-AB9DAD7E1168}
	EndGlobalSection
EndGlobal
