
Microsoft Visual Studio Solution File, Format Version 12.00
# Visual Studio Version 17
VisualStudioVersion = 17.0.32014.148
MinimumVisualStudioVersion = 10.0.40219.1
Project("{FAE04EC0-301F-11D3-BF4B-00C04F79EFBC}") = "Task3", "Task3\Task3.csproj", "{6DF00236-57CC-4AD9-AD78-B9E3DEABBEE4}"
EndProject
Project("{FAE04EC0-301F-11D3-BF4B-00C04F79EFBC}") = "Task3.UnitTests", "Task3.UnitTests\Task3.UnitTests.csproj", "{25FB9502-D675-49D2-A177-97874A019745}"
EndProject
Global
	GlobalSection(SolutionConfigurationPlatforms) = preSolution
		Debug|Any CPU = Debug|Any CPU
		Release|Any CPU = Release|Any CPU
	EndGlobalSection
	GlobalSection(ProjectConfigurationPlatforms) = postSolution
		{6DF00236-57CC-4AD9-AD78-B9E3DEABBEE4}.Debug|Any CPU.ActiveCfg = Debug|Any CPU
		{6DF00236-57CC-4AD9-AD78-B9E3DEABBEE4}.Debug|Any CPU.Build.0 = Debug|Any CPU
		{6DF00236-57CC-4AD9-AD78-B9E3DEABBEE4}.Release|Any CPU.ActiveCfg = Release|Any CPU
		{6DF00236-57CC-4AD9-AD78-B9E3DEABBEE4}.Release|Any CPU.Build.0 = Release|Any CPU
		{25FB9502-D675-49D2-A177-97874A019745}.Debug|Any CPU.ActiveCfg = Debug|Any CPU
		{25FB9502-D675-49D2-A177-97874A019745}.Debug|Any CPU.Build.0 = Debug|Any CPU
		{25FB9502-D675-49D2-A177-97874A019745}.Release|Any CPU.ActiveCfg = Release|Any CPU
		{25FB9502-D675-49D2-A177-97874A019745}.Release|Any CPU.Build.0 = Release|Any CPU
	EndGlobalSection
	GlobalSection(SolutionProperties) = preSolution
		HideSolutionNode = FALSE
	EndGlobalSection
	GlobalSection(ExtensibilityGlobals) = postSolution
		SolutionGuid = {6F4C8B6F-6EB4-4301-B177-E8277CE34E8F}
	EndGlobalSection
EndGlobal
