
Microsoft Visual Studio Solution File, Format Version 12.00
# Visual Studio Version 17
VisualStudioVersion = 17.1.32407.343
MinimumVisualStudioVersion = 10.0.40219.1
Project("{9A19103F-16F7-4668-BE54-9A1E7A4F7556}") = "Bash", "Bash\Bash.csproj", "{B339EF17-B895-4ACE-A64A-DA1D7A5215E4}"
EndProject
Project("{9A19103F-16F7-4668-BE54-9A1E7A4F7556}") = "Commands", "Commands\Commands.csproj", "{97C10F80-34B0-4C34-BA5D-484A835F50AF}"
EndProject
Project("{FAE04EC0-301F-11D3-BF4B-00C04F79EFBC}") = "BashUnitTests", "BashUnitTests\BashUnitTests.csproj", "{6D216842-2AA2-4EA1-A6E8-2630541E7C76}"
EndProject
Global
	GlobalSection(SolutionConfigurationPlatforms) = preSolution
		Debug|Any CPU = Debug|Any CPU
		Release|Any CPU = Release|Any CPU
	EndGlobalSection
	GlobalSection(ProjectConfigurationPlatforms) = postSolution
		{B339EF17-B895-4ACE-A64A-DA1D7A5215E4}.Debug|Any CPU.ActiveCfg = Debug|Any CPU
		{B339EF17-B895-4ACE-A64A-DA1D7A5215E4}.Debug|Any CPU.Build.0 = Debug|Any CPU
		{B339EF17-B895-4ACE-A64A-DA1D7A5215E4}.Release|Any CPU.ActiveCfg = Release|Any CPU
		{B339EF17-B895-4ACE-A64A-DA1D7A5215E4}.Release|Any CPU.Build.0 = Release|Any CPU
		{97C10F80-34B0-4C34-BA5D-484A835F50AF}.Debug|Any CPU.ActiveCfg = Debug|Any CPU
		{97C10F80-34B0-4C34-BA5D-484A835F50AF}.Debug|Any CPU.Build.0 = Debug|Any CPU
		{97C10F80-34B0-4C34-BA5D-484A835F50AF}.Release|Any CPU.ActiveCfg = Release|Any CPU
		{97C10F80-34B0-4C34-BA5D-484A835F50AF}.Release|Any CPU.Build.0 = Release|Any CPU
		{6D216842-2AA2-4EA1-A6E8-2630541E7C76}.Debug|Any CPU.ActiveCfg = Debug|Any CPU
		{6D216842-2AA2-4EA1-A6E8-2630541E7C76}.Debug|Any CPU.Build.0 = Debug|Any CPU
		{6D216842-2AA2-4EA1-A6E8-2630541E7C76}.Release|Any CPU.ActiveCfg = Release|Any CPU
		{6D216842-2AA2-4EA1-A6E8-2630541E7C76}.Release|Any CPU.Build.0 = Release|Any CPU
	EndGlobalSection
	GlobalSection(SolutionProperties) = preSolution
		HideSolutionNode = FALSE
	EndGlobalSection
	GlobalSection(ExtensibilityGlobals) = postSolution
		SolutionGuid = {4C1663CE-3B5F-4036-BC67-EC616F69B603}
	EndGlobalSection
EndGlobal
