
Microsoft Visual Studio Solution File, Format Version 12.00
# Visual Studio Version 17
VisualStudioVersion = 17.1.32228.430
MinimumVisualStudioVersion = 10.0.40219.1
Project("{FAE04EC0-301F-11D3-BF4B-00C04F79EFBC}") = "WeatherViewer", "WeatherViewer\WeatherViewer.csproj", "{C7C9FABD-ACD5-483B-92B0-60A66D8FF2D4}"
EndProject
Project("{FAE04EC0-301F-11D3-BF4B-00C04F79EFBC}") = "ConsoleOutputManagement", "ConsoleOutputManagement\ConsoleOutputManagement.csproj", "{0DACC35F-8728-4AB5-BB7D-44764CF49E61}"
EndProject
Project("{FAE04EC0-301F-11D3-BF4B-00C04F79EFBC}") = "RequestManagement", "RequestManagement\RequestManagement.csproj", "{3B780615-98DD-47F2-AD72-04687245C4F5}"
EndProject
Project("{FAE04EC0-301F-11D3-BF4B-00C04F79EFBC}") = "RequestManagement.UnitTests", "RequestManagement.UnitTests\RequestManagement.UnitTests.csproj", "{BE78A39E-0E0F-40E7-952E-F060F0828B26}"
EndProject
Project("{FAE04EC0-301F-11D3-BF4B-00C04F79EFBC}") = "SiteInterface", "SiteInterface\SiteInterface.csproj", "{0640292D-E7DC-44F0-8AE6-8B5DD261AF15}"
EndProject
Project("{FAE04EC0-301F-11D3-BF4B-00C04F79EFBC}") = "Sites", "Sites\Sites.csproj", "{C2B46B6A-34AD-4485-A054-3FB4C5D959ED}"
EndProject
Project("{FAE04EC0-301F-11D3-BF4B-00C04F79EFBC}") = "Sites.UnitTests", "Sites.UnitTests\Sites.UnitTests.csproj", "{594C9DC9-A3CD-4481-AE0F-838B84D795EB}"
EndProject
Project("{FAE04EC0-301F-11D3-BF4B-00C04F79EFBC}") = "Forecast", "Forecast\Forecast.csproj", "{A8BBADD0-6DFD-45AF-BF6F-1A4CDCAA7F45}"
EndProject
Global
	GlobalSection(SolutionConfigurationPlatforms) = preSolution
		Debug|Any CPU = Debug|Any CPU
		Release|Any CPU = Release|Any CPU
	EndGlobalSection
	GlobalSection(ProjectConfigurationPlatforms) = postSolution
		{C7C9FABD-ACD5-483B-92B0-60A66D8FF2D4}.Debug|Any CPU.ActiveCfg = Debug|Any CPU
		{C7C9FABD-ACD5-483B-92B0-60A66D8FF2D4}.Debug|Any CPU.Build.0 = Debug|Any CPU
		{C7C9FABD-ACD5-483B-92B0-60A66D8FF2D4}.Release|Any CPU.ActiveCfg = Release|Any CPU
		{C7C9FABD-ACD5-483B-92B0-60A66D8FF2D4}.Release|Any CPU.Build.0 = Release|Any CPU
		{0DACC35F-8728-4AB5-BB7D-44764CF49E61}.Debug|Any CPU.ActiveCfg = Debug|Any CPU
		{0DACC35F-8728-4AB5-BB7D-44764CF49E61}.Debug|Any CPU.Build.0 = Debug|Any CPU
		{0DACC35F-8728-4AB5-BB7D-44764CF49E61}.Release|Any CPU.ActiveCfg = Release|Any CPU
		{0DACC35F-8728-4AB5-BB7D-44764CF49E61}.Release|Any CPU.Build.0 = Release|Any CPU
		{3B780615-98DD-47F2-AD72-04687245C4F5}.Debug|Any CPU.ActiveCfg = Debug|Any CPU
		{3B780615-98DD-47F2-AD72-04687245C4F5}.Debug|Any CPU.Build.0 = Debug|Any CPU
		{3B780615-98DD-47F2-AD72-04687245C4F5}.Release|Any CPU.ActiveCfg = Release|Any CPU
		{3B780615-98DD-47F2-AD72-04687245C4F5}.Release|Any CPU.Build.0 = Release|Any CPU
		{BE78A39E-0E0F-40E7-952E-F060F0828B26}.Debug|Any CPU.ActiveCfg = Debug|Any CPU
		{BE78A39E-0E0F-40E7-952E-F060F0828B26}.Debug|Any CPU.Build.0 = Debug|Any CPU
		{BE78A39E-0E0F-40E7-952E-F060F0828B26}.Release|Any CPU.ActiveCfg = Release|Any CPU
		{BE78A39E-0E0F-40E7-952E-F060F0828B26}.Release|Any CPU.Build.0 = Release|Any CPU
		{0640292D-E7DC-44F0-8AE6-8B5DD261AF15}.Debug|Any CPU.ActiveCfg = Debug|Any CPU
		{0640292D-E7DC-44F0-8AE6-8B5DD261AF15}.Debug|Any CPU.Build.0 = Debug|Any CPU
		{0640292D-E7DC-44F0-8AE6-8B5DD261AF15}.Release|Any CPU.ActiveCfg = Release|Any CPU
		{0640292D-E7DC-44F0-8AE6-8B5DD261AF15}.Release|Any CPU.Build.0 = Release|Any CPU
		{C2B46B6A-34AD-4485-A054-3FB4C5D959ED}.Debug|Any CPU.ActiveCfg = Debug|Any CPU
		{C2B46B6A-34AD-4485-A054-3FB4C5D959ED}.Debug|Any CPU.Build.0 = Debug|Any CPU
		{C2B46B6A-34AD-4485-A054-3FB4C5D959ED}.Release|Any CPU.ActiveCfg = Release|Any CPU
		{C2B46B6A-34AD-4485-A054-3FB4C5D959ED}.Release|Any CPU.Build.0 = Release|Any CPU
		{594C9DC9-A3CD-4481-AE0F-838B84D795EB}.Debug|Any CPU.ActiveCfg = Debug|Any CPU
		{594C9DC9-A3CD-4481-AE0F-838B84D795EB}.Debug|Any CPU.Build.0 = Debug|Any CPU
		{594C9DC9-A3CD-4481-AE0F-838B84D795EB}.Release|Any CPU.ActiveCfg = Release|Any CPU
		{594C9DC9-A3CD-4481-AE0F-838B84D795EB}.Release|Any CPU.Build.0 = Release|Any CPU
		{A8BBADD0-6DFD-45AF-BF6F-1A4CDCAA7F45}.Debug|Any CPU.ActiveCfg = Debug|Any CPU
		{A8BBADD0-6DFD-45AF-BF6F-1A4CDCAA7F45}.Debug|Any CPU.Build.0 = Debug|Any CPU
		{A8BBADD0-6DFD-45AF-BF6F-1A4CDCAA7F45}.Release|Any CPU.ActiveCfg = Release|Any CPU
		{A8BBADD0-6DFD-45AF-BF6F-1A4CDCAA7F45}.Release|Any CPU.Build.0 = Release|Any CPU
	EndGlobalSection
	GlobalSection(SolutionProperties) = preSolution
		HideSolutionNode = FALSE
	EndGlobalSection
	GlobalSection(ExtensibilityGlobals) = postSolution
		SolutionGuid = {25D6747F-967F-4CEF-B166-63B059777A6E}
	EndGlobalSection
EndGlobal
