
Microsoft Visual Studio Solution File, Format Version 12.00
# Visual Studio Version 16
VisualStudioVersion = 16.0.29613.14
MinimumVisualStudioVersion = 10.0.40219.1
Project("{8BC9CEB8-8B4A-11D0-8D11-00A0C91BC942}") = "Task 3.2", "Task 3.2\Task 3.2.vcxproj", "{B1C115BD-E1C9-46C7-A6EF-AEE950BAFDF3}"
EndProject
Global
	GlobalSection(SolutionConfigurationPlatforms) = preSolution
		Debug|x64 = Debug|x64
		Debug|x86 = Debug|x86
		Release|x64 = Release|x64
		Release|x86 = Release|x86
	EndGlobalSection
	GlobalSection(ProjectConfigurationPlatforms) = postSolution
		{B1C115BD-E1C9-46C7-A6EF-AEE950BAFDF3}.Debug|x64.ActiveCfg = Debug|x64
		{B1C115BD-E1C9-46C7-A6EF-AEE950BAFDF3}.Debug|x64.Build.0 = Debug|x64
		{B1C115BD-E1C9-46C7-A6EF-AEE950BAFDF3}.Debug|x86.ActiveCfg = Debug|Win32
		{B1C115BD-E1C9-46C7-A6EF-AEE950BAFDF3}.Debug|x86.Build.0 = Debug|Win32
		{B1C115BD-E1C9-46C7-A6EF-AEE950BAFDF3}.Release|x64.ActiveCfg = Release|x64
		{B1C115BD-E1C9-46C7-A6EF-AEE950BAFDF3}.Release|x64.Build.0 = Release|x64
		{B1C115BD-E1C9-46C7-A6EF-AEE950BAFDF3}.Release|x86.ActiveCfg = Release|Win32
		{B1C115BD-E1C9-46C7-A6EF-AEE950BAFDF3}.Release|x86.Build.0 = Release|Win32
	EndGlobalSection
	GlobalSection(SolutionProperties) = preSolution
		HideSolutionNode = FALSE
	EndGlobalSection
	GlobalSection(ExtensibilityGlobals) = postSolution
		SolutionGuid = {FEA4A7D2-B939-4F31-8366-1E1FDDA5B1B8}
	EndGlobalSection
EndGlobal
