
Microsoft Visual Studio Solution File, Format Version 12.00
# Visual Studio Version 16
VisualStudioVersion = 16.0.31702.278
MinimumVisualStudioVersion = 10.0.40219.1
Project("{8BC9CEB8-8B4A-11D0-8D11-00A0C91BC942}") = "Task1", "Task1.vcxproj", "{4CF6D49A-8824-4993-B339-85EB53E918FE}"
EndProject
Global
	GlobalSection(SolutionConfigurationPlatforms) = preSolution
		Debug|x64 = Debug|x64
		Debug|x86 = Debug|x86
		Release|x64 = Release|x64
		Release|x86 = Release|x86
	EndGlobalSection
	GlobalSection(ProjectConfigurationPlatforms) = postSolution
		{4CF6D49A-8824-4993-B339-85EB53E918FE}.Debug|x64.ActiveCfg = Debug|x64
		{4CF6D49A-8824-4993-B339-85EB53E918FE}.Debug|x64.Build.0 = Debug|x64
		{4CF6D49A-8824-4993-B339-85EB53E918FE}.Debug|x86.ActiveCfg = Debug|Win32
		{4CF6D49A-8824-4993-B339-85EB53E918FE}.Debug|x86.Build.0 = Debug|Win32
		{4CF6D49A-8824-4993-B339-85EB53E918FE}.Release|x64.ActiveCfg = Release|x64
		{4CF6D49A-8824-4993-B339-85EB53E918FE}.Release|x64.Build.0 = Release|x64
		{4CF6D49A-8824-4993-B339-85EB53E918FE}.Release|x86.ActiveCfg = Release|Win32
		{4CF6D49A-8824-4993-B339-85EB53E918FE}.Release|x86.Build.0 = Release|Win32
	EndGlobalSection
	GlobalSection(SolutionProperties) = preSolution
		HideSolutionNode = FALSE
	EndGlobalSection
	GlobalSection(ExtensibilityGlobals) = postSolution
		SolutionGuid = {333E13D9-F44B-4E6F-A98A-6E0C04ED78D8}
	EndGlobalSection
EndGlobal
