
Microsoft Visual Studio Solution File, Format Version 12.00
# Visual Studio 14
VisualStudioVersion = 14.0.25420.1
MinimumVisualStudioVersion = 10.0.40219.1
Project("{FAE04EC0-301F-11D3-BF4B-00C04F79EFBC}") = "ArrayGeneration", "ArrayGeneration\ArrayGeneration.csproj", "{F112A2BA-8AE1-4174-9048-6A625F065503}"
EndProject
Project("{FAE04EC0-301F-11D3-BF4B-00C04F79EFBC}") = "ArrayFileComparison", "ArrayFileComparison\ArrayFileComparison.csproj", "{F7DEC83E-C3C9-4612-AFBC-A5D2C76B7108}"
EndProject
Project("{FAE04EC0-301F-11D3-BF4B-00C04F79EFBC}") = "GraphFileGenerator", "GraphFIleGenerator\GraphFileGenerator.csproj", "{2DFF6745-8AE3-4B1C-B949-94AF89C8B2ED}"
EndProject
Global
	GlobalSection(SolutionConfigurationPlatforms) = preSolution
		Debug|Any CPU = Debug|Any CPU
		Release|Any CPU = Release|Any CPU
	EndGlobalSection
	GlobalSection(ProjectConfigurationPlatforms) = postSolution
		{F112A2BA-8AE1-4174-9048-6A625F065503}.Debug|Any CPU.ActiveCfg = Debug|Any CPU
		{F112A2BA-8AE1-4174-9048-6A625F065503}.Debug|Any CPU.Build.0 = Debug|Any CPU
		{F112A2BA-8AE1-4174-9048-6A625F065503}.Release|Any CPU.ActiveCfg = Release|Any CPU
		{F112A2BA-8AE1-4174-9048-6A625F065503}.Release|Any CPU.Build.0 = Release|Any CPU
		{F7DEC83E-C3C9-4612-AFBC-A5D2C76B7108}.Debug|Any CPU.ActiveCfg = Debug|Any CPU
		{F7DEC83E-C3C9-4612-AFBC-A5D2C76B7108}.Debug|Any CPU.Build.0 = Debug|Any CPU
		{F7DEC83E-C3C9-4612-AFBC-A5D2C76B7108}.Release|Any CPU.ActiveCfg = Release|Any CPU
		{F7DEC83E-C3C9-4612-AFBC-A5D2C76B7108}.Release|Any CPU.Build.0 = Release|Any CPU
		{2DFF6745-8AE3-4B1C-B949-94AF89C8B2ED}.Debug|Any CPU.ActiveCfg = Debug|Any CPU
		{2DFF6745-8AE3-4B1C-B949-94AF89C8B2ED}.Debug|Any CPU.Build.0 = Debug|Any CPU
		{2DFF6745-8AE3-4B1C-B949-94AF89C8B2ED}.Release|Any CPU.ActiveCfg = Release|Any CPU
		{2DFF6745-8AE3-4B1C-B949-94AF89C8B2ED}.Release|Any CPU.Build.0 = Release|Any CPU
	EndGlobalSection
	GlobalSection(SolutionProperties) = preSolution
		HideSolutionNode = FALSE
	EndGlobalSection
EndGlobal
