
Microsoft Visual Studio Solution File, Format Version 12.00
# Visual Studio Version 16
VisualStudioVersion = 16.0.31624.102
MinimumVisualStudioVersion = 10.0.40219.1
Project("{8BC9CEB8-8B4A-11D0-8D11-00A0C91BC942}") = "Task3", "Task3\Task3.vcxproj", "{3B7A0D61-C954-4F39-96A7-6C711389EABF}"
EndProject
Global
	GlobalSection(SolutionConfigurationPlatforms) = preSolution
		Debug|x64 = Debug|x64
		Debug|x86 = Debug|x86
		Release|x64 = Release|x64
		Release|x86 = Release|x86
	EndGlobalSection
	GlobalSection(ProjectConfigurationPlatforms) = postSolution
		{3B7A0D61-C954-4F39-96A7-6C711389EABF}.Debug|x64.ActiveCfg = Debug|x64
		{3B7A0D61-C954-4F39-96A7-6C711389EABF}.Debug|x64.Build.0 = Debug|x64
		{3B7A0D61-C954-4F39-96A7-6C711389EABF}.Debug|x86.ActiveCfg = Debug|Win32
		{3B7A0D61-C954-4F39-96A7-6C711389EABF}.Debug|x86.Build.0 = Debug|Win32
		{3B7A0D61-C954-4F39-96A7-6C711389EABF}.Release|x64.ActiveCfg = Release|x64
		{3B7A0D61-C954-4F39-96A7-6C711389EABF}.Release|x64.Build.0 = Release|x64
		{3B7A0D61-C954-4F39-96A7-6C711389EABF}.Release|x86.ActiveCfg = Release|Win32
		{3B7A0D61-C954-4F39-96A7-6C711389EABF}.Release|x86.Build.0 = Release|Win32
	EndGlobalSection
	GlobalSection(SolutionProperties) = preSolution
		HideSolutionNode = FALSE
	EndGlobalSection
	GlobalSection(ExtensibilityGlobals) = postSolution
		SolutionGuid = {84A81D02-C887-4ACB-88F9-42E17170644F}
	EndGlobalSection
EndGlobal
