
Microsoft Visual Studio Solution File, Format Version 12.00
# Visual Studio Version 16
VisualStudioVersion = 16.0.30413.136
MinimumVisualStudioVersion = 10.0.40219.1
Project("{8BC9CEB8-8B4A-11D0-8D11-00A0C91BC942}") = "Task 2.2", "Task 2.2\Task 2.2.vcxproj", "{46400F41-A92F-49F8-8041-FB4F3BF29D51}"
EndProject
Global
	GlobalSection(SolutionConfigurationPlatforms) = preSolution
		Debug|x64 = Debug|x64
		Debug|x86 = Debug|x86
		Release|x64 = Release|x64
		Release|x86 = Release|x86
	EndGlobalSection
	GlobalSection(ProjectConfigurationPlatforms) = postSolution
		{46400F41-A92F-49F8-8041-FB4F3BF29D51}.Debug|x64.ActiveCfg = Debug|x64
		{46400F41-A92F-49F8-8041-FB4F3BF29D51}.Debug|x64.Build.0 = Debug|x64
		{46400F41-A92F-49F8-8041-FB4F3BF29D51}.Debug|x86.ActiveCfg = Debug|Win32
		{46400F41-A92F-49F8-8041-FB4F3BF29D51}.Debug|x86.Build.0 = Debug|Win32
		{46400F41-A92F-49F8-8041-FB4F3BF29D51}.Release|x64.ActiveCfg = Release|x64
		{46400F41-A92F-49F8-8041-FB4F3BF29D51}.Release|x64.Build.0 = Release|x64
		{46400F41-A92F-49F8-8041-FB4F3BF29D51}.Release|x86.ActiveCfg = Release|Win32
		{46400F41-A92F-49F8-8041-FB4F3BF29D51}.Release|x86.Build.0 = Release|Win32
	EndGlobalSection
	GlobalSection(SolutionProperties) = preSolution
		HideSolutionNode = FALSE
	EndGlobalSection
	GlobalSection(ExtensibilityGlobals) = postSolution
		SolutionGuid = {5582EFE5-D143-4931-BCC0-52961D8681A8}
	EndGlobalSection
EndGlobal
