
Microsoft Visual Studio Solution File, Format Version 12.00
# Visual Studio Version 17
VisualStudioVersion = 17.1.32421.90
MinimumVisualStudioVersion = 10.0.40219.1
Project("{9A19103F-16F7-4668-BE54-9A1E7A4F7556}") = "Task 6", "Task 6.csproj", "{CEE41A48-9788-4075-9B78-01B816C2B4F4}"
EndProject
Project("{9A19103F-16F7-4668-BE54-9A1E7A4F7556}") = "Task 6.UnitTests", "..\Task 6.UnitTests\Task 6.UnitTests.csproj", "{FBC38067-E973-4CCC-952A-36660CE5A75D}"
EndProject
Global
	GlobalSection(SolutionConfigurationPlatforms) = preSolution
		Debug|Any CPU = Debug|Any CPU
		Release|Any CPU = Release|Any CPU
	EndGlobalSection
	GlobalSection(ProjectConfigurationPlatforms) = postSolution
		{CEE41A48-9788-4075-9B78-01B816C2B4F4}.Debug|Any CPU.ActiveCfg = Debug|Any CPU
		{CEE41A48-9788-4075-9B78-01B816C2B4F4}.Debug|Any CPU.Build.0 = Debug|Any CPU
		{CEE41A48-9788-4075-9B78-01B816C2B4F4}.Release|Any CPU.ActiveCfg = Release|Any CPU
		{CEE41A48-9788-4075-9B78-01B816C2B4F4}.Release|Any CPU.Build.0 = Release|Any CPU
		{FBC38067-E973-4CCC-952A-36660CE5A75D}.Debug|Any CPU.ActiveCfg = Debug|Any CPU
		{FBC38067-E973-4CCC-952A-36660CE5A75D}.Debug|Any CPU.Build.0 = Debug|Any CPU
		{FBC38067-E973-4CCC-952A-36660CE5A75D}.Release|Any CPU.ActiveCfg = Release|Any CPU
		{FBC38067-E973-4CCC-952A-36660CE5A75D}.Release|Any CPU.Build.0 = Release|Any CPU
	EndGlobalSection
	GlobalSection(SolutionProperties) = preSolution
		HideSolutionNode = FALSE
	EndGlobalSection
	GlobalSection(ExtensibilityGlobals) = postSolution
		SolutionGuid = {07B55205-CBD3-4825-8F00-5D1DBA2A3F64}
	EndGlobalSection
EndGlobal
