
Microsoft Visual Studio Solution File, Format Version 12.00
# Visual Studio Version 17
VisualStudioVersion = 17.1.32319.34
MinimumVisualStudioVersion = 10.0.40219.1
Project("{9A19103F-16F7-4668-BE54-9A1E7A4F7556}") = "MyHashTable", "HashTable\MyHashTable.csproj", "{A1BE0D42-512D-48C4-BBEB-04763174D1BF}"
EndProject
Project("{9A19103F-16F7-4668-BE54-9A1E7A4F7556}") = "MyHashTableTests", "MyHashTableTests\MyHashTableTests.csproj", "{8A34D1A2-48CA-46C6-BB65-9D02A4C55EBF}"
EndProject
Global
	GlobalSection(SolutionConfigurationPlatforms) = preSolution
		Debug|Any CPU = Debug|Any CPU
		Release|Any CPU = Release|Any CPU
	EndGlobalSection
	GlobalSection(ProjectConfigurationPlatforms) = postSolution
		{A1BE0D42-512D-48C4-BBEB-04763174D1BF}.Debug|Any CPU.ActiveCfg = Debug|Any CPU
		{A1BE0D42-512D-48C4-BBEB-04763174D1BF}.Debug|Any CPU.Build.0 = Debug|Any CPU
		{A1BE0D42-512D-48C4-BBEB-04763174D1BF}.Release|Any CPU.ActiveCfg = Release|Any CPU
		{A1BE0D42-512D-48C4-BBEB-04763174D1BF}.Release|Any CPU.Build.0 = Release|Any CPU
		{8A34D1A2-48CA-46C6-BB65-9D02A4C55EBF}.Debug|Any CPU.ActiveCfg = Debug|Any CPU
		{8A34D1A2-48CA-46C6-BB65-9D02A4C55EBF}.Debug|Any CPU.Build.0 = Debug|Any CPU
		{8A34D1A2-48CA-46C6-BB65-9D02A4C55EBF}.Release|Any CPU.ActiveCfg = Release|Any CPU
		{8A34D1A2-48CA-46C6-BB65-9D02A4C55EBF}.Release|Any CPU.Build.0 = Release|Any CPU
	EndGlobalSection
	GlobalSection(SolutionProperties) = preSolution
		HideSolutionNode = FALSE
	EndGlobalSection
	GlobalSection(ExtensibilityGlobals) = postSolution
		SolutionGuid = {7AED416D-3827-4A5F-951E-8CCBC92B14F9}
	EndGlobalSection
EndGlobal
