
Microsoft Visual Studio Solution File, Format Version 12.00
# Visual Studio Version 17
VisualStudioVersion = 17.1.32210.238
MinimumVisualStudioVersion = 10.0.40219.1
Project("{FAE04EC0-301F-11D3-BF4B-00C04F79EFBC}") = "DoubleLinkedList", "DoubleLinkedList\DoubleLinkedList.csproj", "{330137AB-D6F1-4FA8-9B72-EC774FDFC381}"
EndProject
Project("{FAE04EC0-301F-11D3-BF4B-00C04F79EFBC}") = "DoubleLinkedListTests", "DoubleLinkedListTests\DoubleLinkedListTests.csproj", "{9333480B-F00F-44AB-88A5-6C0718C4C30B}"
EndProject
Global
	GlobalSection(SolutionConfigurationPlatforms) = preSolution
		Debug|Any CPU = Debug|Any CPU
		Release|Any CPU = Release|Any CPU
	EndGlobalSection
	GlobalSection(ProjectConfigurationPlatforms) = postSolution
		{330137AB-D6F1-4FA8-9B72-EC774FDFC381}.Debug|Any CPU.ActiveCfg = Debug|Any CPU
		{330137AB-D6F1-4FA8-9B72-EC774FDFC381}.Debug|Any CPU.Build.0 = Debug|Any CPU
		{330137AB-D6F1-4FA8-9B72-EC774FDFC381}.Release|Any CPU.ActiveCfg = Release|Any CPU
		{330137AB-D6F1-4FA8-9B72-EC774FDFC381}.Release|Any CPU.Build.0 = Release|Any CPU
		{9333480B-F00F-44AB-88A5-6C0718C4C30B}.Debug|Any CPU.ActiveCfg = Debug|Any CPU
		{9333480B-F00F-44AB-88A5-6C0718C4C30B}.Debug|Any CPU.Build.0 = Debug|Any CPU
		{9333480B-F00F-44AB-88A5-6C0718C4C30B}.Release|Any CPU.ActiveCfg = Release|Any CPU
		{9333480B-F00F-44AB-88A5-6C0718C4C30B}.Release|Any CPU.Build.0 = Release|Any CPU
	EndGlobalSection
	GlobalSection(SolutionProperties) = preSolution
		HideSolutionNode = FALSE
	EndGlobalSection
	GlobalSection(ExtensibilityGlobals) = postSolution
		SolutionGuid = {335F9A8A-7AC5-4EFF-AA4A-4407331FD557}
	EndGlobalSection
EndGlobal
