
Microsoft Visual Studio Solution File, Format Version 12.00
# Visual Studio Version 16
VisualStudioVersion = 16.0.31911.196
MinimumVisualStudioVersion = 10.0.40219.1
Project("{9A19103F-16F7-4668-BE54-9A1E7A4F7556}") = "Task8", "Task8.csproj", "{7FCB881A-5AD0-4EA3-A7F3-5DD9E48DFA50}"
EndProject
Project("{9A19103F-16F7-4668-BE54-9A1E7A4F7556}") = "BABASH", "..\BABASH\BABASH.csproj", "{417287DC-AEA8-4482-A8A5-A0315FF2BCB8}"
EndProject
Project("{FAE04EC0-301F-11D3-BF4B-00C04F79EFBC}") = "Task8.UnitTests", "..\Task8.UnitTests\Task8.UnitTests.csproj", "{46D6646E-C501-422A-B3AC-CD5D909D1566}"
EndProject
Global
	GlobalSection(SolutionConfigurationPlatforms) = preSolution
		Debug|Any CPU = Debug|Any CPU
		Release|Any CPU = Release|Any CPU
	EndGlobalSection
	GlobalSection(ProjectConfigurationPlatforms) = postSolution
		{7FCB881A-5AD0-4EA3-A7F3-5DD9E48DFA50}.Debug|Any CPU.ActiveCfg = Debug|Any CPU
		{7FCB881A-5AD0-4EA3-A7F3-5DD9E48DFA50}.Debug|Any CPU.Build.0 = Debug|Any CPU
		{7FCB881A-5AD0-4EA3-A7F3-5DD9E48DFA50}.Release|Any CPU.ActiveCfg = Release|Any CPU
		{7FCB881A-5AD0-4EA3-A7F3-5DD9E48DFA50}.Release|Any CPU.Build.0 = Release|Any CPU
		{417287DC-AEA8-4482-A8A5-A0315FF2BCB8}.Debug|Any CPU.ActiveCfg = Debug|Any CPU
		{417287DC-AEA8-4482-A8A5-A0315FF2BCB8}.Debug|Any CPU.Build.0 = Debug|Any CPU
		{417287DC-AEA8-4482-A8A5-A0315FF2BCB8}.Release|Any CPU.ActiveCfg = Release|Any CPU
		{417287DC-AEA8-4482-A8A5-A0315FF2BCB8}.Release|Any CPU.Build.0 = Release|Any CPU
		{46D6646E-C501-422A-B3AC-CD5D909D1566}.Debug|Any CPU.ActiveCfg = Debug|Any CPU
		{46D6646E-C501-422A-B3AC-CD5D909D1566}.Debug|Any CPU.Build.0 = Debug|Any CPU
		{46D6646E-C501-422A-B3AC-CD5D909D1566}.Release|Any CPU.ActiveCfg = Release|Any CPU
		{46D6646E-C501-422A-B3AC-CD5D909D1566}.Release|Any CPU.Build.0 = Release|Any CPU
	EndGlobalSection
	GlobalSection(SolutionProperties) = preSolution
		HideSolutionNode = FALSE
	EndGlobalSection
	GlobalSection(ExtensibilityGlobals) = postSolution
		SolutionGuid = {393973C7-EE90-4083-A4B6-25A9BA4CA24F}
	EndGlobalSection
EndGlobal
