
Microsoft Visual Studio Solution File, Format Version 12.00
# Visual Studio Version 17
VisualStudioVersion = 17.1.32228.430
MinimumVisualStudioVersion = 10.0.40219.1
Project("{FAE04EC0-301F-11D3-BF4B-00C04F79EFBC}") = "Task3", "Task3\Task3.csproj", "{3519723E-CE6D-457E-A35C-3C8BB6C44547}"
EndProject
Project("{FAE04EC0-301F-11D3-BF4B-00C04F79EFBC}") = "Task3.UnitTests", "Task3.UnitTests\Task3.UnitTests.csproj", "{45DA4467-D92B-4F3D-BEEE-1F808EC33BFF}"
EndProject
Global
	GlobalSection(SolutionConfigurationPlatforms) = preSolution
		Debug|Any CPU = Debug|Any CPU
		Release|Any CPU = Release|Any CPU
	EndGlobalSection
	GlobalSection(ProjectConfigurationPlatforms) = postSolution
		{3519723E-CE6D-457E-A35C-3C8BB6C44547}.Debug|Any CPU.ActiveCfg = Debug|Any CPU
		{3519723E-CE6D-457E-A35C-3C8BB6C44547}.Debug|Any CPU.Build.0 = Debug|Any CPU
		{3519723E-CE6D-457E-A35C-3C8BB6C44547}.Release|Any CPU.ActiveCfg = Release|Any CPU
		{3519723E-CE6D-457E-A35C-3C8BB6C44547}.Release|Any CPU.Build.0 = Release|Any CPU
		{45DA4467-D92B-4F3D-BEEE-1F808EC33BFF}.Debug|Any CPU.ActiveCfg = Debug|Any CPU
		{45DA4467-D92B-4F3D-BEEE-1F808EC33BFF}.Debug|Any CPU.Build.0 = Debug|Any CPU
		{45DA4467-D92B-4F3D-BEEE-1F808EC33BFF}.Release|Any CPU.ActiveCfg = Release|Any CPU
		{45DA4467-D92B-4F3D-BEEE-1F808EC33BFF}.Release|Any CPU.Build.0 = Release|Any CPU
	EndGlobalSection
	GlobalSection(SolutionProperties) = preSolution
		HideSolutionNode = FALSE
	EndGlobalSection
	GlobalSection(ExtensibilityGlobals) = postSolution
		SolutionGuid = {B27219B8-3D72-4815-95CD-9BEB99768A36}
	EndGlobalSection
EndGlobal
