
Microsoft Visual Studio Solution File, Format Version 12.00
Project("{F2A71F9B-5D33-465A-A702-920D77279786}") = "ThreadPool", "ThreadPool\ThreadPool.fsproj", "{15374C07-0C05-475A-9A36-23089256A84E}"
EndProject
Project("{F2A71F9B-5D33-465A-A702-920D77279786}") = "ThreadPoolTests", "ThreadPoolTests\ThreadPoolTests.fsproj", "{B96A9B63-CC5F-4BDA-9D8A-A11D816B2D7A}"
EndProject
Global
	GlobalSection(SolutionConfigurationPlatforms) = preSolution
		Debug|Any CPU = Debug|Any CPU
		Release|Any CPU = Release|Any CPU
	EndGlobalSection
	GlobalSection(ProjectConfigurationPlatforms) = postSolution
		{15374C07-0C05-475A-9A36-23089256A84E}.Debug|Any CPU.ActiveCfg = Debug|Any CPU
		{15374C07-0C05-475A-9A36-23089256A84E}.Debug|Any CPU.Build.0 = Debug|Any CPU
		{15374C07-0C05-475A-9A36-23089256A84E}.Release|Any CPU.ActiveCfg = Release|Any CPU
		{15374C07-0C05-475A-9A36-23089256A84E}.Release|Any CPU.Build.0 = Release|Any CPU
		{B96A9B63-CC5F-4BDA-9D8A-A11D816B2D7A}.Debug|Any CPU.ActiveCfg = Debug|Any CPU
		{B96A9B63-CC5F-4BDA-9D8A-A11D816B2D7A}.Debug|Any CPU.Build.0 = Debug|Any CPU
		{B96A9B63-CC5F-4BDA-9D8A-A11D816B2D7A}.Release|Any CPU.ActiveCfg = Release|Any CPU
		{B96A9B63-CC5F-4BDA-9D8A-A11D816B2D7A}.Release|Any CPU.Build.0 = Release|Any CPU
	EndGlobalSection
EndGlobal
