
Microsoft Visual Studio Solution File, Format Version 12.00
# Visual Studio Version 16
VisualStudioVersion = 16.0.31702.278
MinimumVisualStudioVersion = 10.0.40219.1
Project("{8BC9CEB8-8B4A-11D0-8D11-00A0C91BC942}") = "Task1", "Task1.vcxproj", "{8FA7289F-BDDA-499B-90D6-530B25DD7C8F}"
EndProject
Global
	GlobalSection(SolutionConfigurationPlatforms) = preSolution
		Debug|x64 = Debug|x64
		Debug|x86 = Debug|x86
		Release|x64 = Release|x64
		Release|x86 = Release|x86
	EndGlobalSection
	GlobalSection(ProjectConfigurationPlatforms) = postSolution
		{8FA7289F-BDDA-499B-90D6-530B25DD7C8F}.Debug|x64.ActiveCfg = Debug|x64
		{8FA7289F-BDDA-499B-90D6-530B25DD7C8F}.Debug|x64.Build.0 = Debug|x64
		{8FA7289F-BDDA-499B-90D6-530B25DD7C8F}.Debug|x86.ActiveCfg = Debug|Win32
		{8FA7289F-BDDA-499B-90D6-530B25DD7C8F}.Debug|x86.Build.0 = Debug|Win32
		{8FA7289F-BDDA-499B-90D6-530B25DD7C8F}.Release|x64.ActiveCfg = Release|x64
		{8FA7289F-BDDA-499B-90D6-530B25DD7C8F}.Release|x64.Build.0 = Release|x64
		{8FA7289F-BDDA-499B-90D6-530B25DD7C8F}.Release|x86.ActiveCfg = Release|Win32
		{8FA7289F-BDDA-499B-90D6-530B25DD7C8F}.Release|x86.Build.0 = Release|Win32
	EndGlobalSection
	GlobalSection(SolutionProperties) = preSolution
		HideSolutionNode = FALSE
	EndGlobalSection
	GlobalSection(ExtensibilityGlobals) = postSolution
		SolutionGuid = {A2F2D95D-F41F-4936-9428-3CC3884424A3}
	EndGlobalSection
EndGlobal
