
Microsoft Visual Studio Solution File, Format Version 12.00
# Visual Studio Version 16
VisualStudioVersion = 16.0.31702.278
MinimumVisualStudioVersion = 10.0.40219.1
Project("{8BC9CEB8-8B4A-11D0-8D11-00A0C91BC942}") = "Task 3.3", "Task 3.3.vcxproj", "{E6C79AAF-8686-4004-AB24-8AE1AC9BAFF7}"
EndProject
Global
	GlobalSection(SolutionConfigurationPlatforms) = preSolution
		Debug|x64 = Debug|x64
		Debug|x86 = Debug|x86
		Release|x64 = Release|x64
		Release|x86 = Release|x86
	EndGlobalSection
	GlobalSection(ProjectConfigurationPlatforms) = postSolution
		{E6C79AAF-8686-4004-AB24-8AE1AC9BAFF7}.Debug|x64.ActiveCfg = Debug|x64
		{E6C79AAF-8686-4004-AB24-8AE1AC9BAFF7}.Debug|x64.Build.0 = Debug|x64
		{E6C79AAF-8686-4004-AB24-8AE1AC9BAFF7}.Debug|x86.ActiveCfg = Debug|Win32
		{E6C79AAF-8686-4004-AB24-8AE1AC9BAFF7}.Debug|x86.Build.0 = Debug|Win32
		{E6C79AAF-8686-4004-AB24-8AE1AC9BAFF7}.Release|x64.ActiveCfg = Release|x64
		{E6C79AAF-8686-4004-AB24-8AE1AC9BAFF7}.Release|x64.Build.0 = Release|x64
		{E6C79AAF-8686-4004-AB24-8AE1AC9BAFF7}.Release|x86.ActiveCfg = Release|Win32
		{E6C79AAF-8686-4004-AB24-8AE1AC9BAFF7}.Release|x86.Build.0 = Release|Win32
	EndGlobalSection
	GlobalSection(SolutionProperties) = preSolution
		HideSolutionNode = FALSE
	EndGlobalSection
	GlobalSection(ExtensibilityGlobals) = postSolution
		SolutionGuid = {99BBA5CB-7500-479C-9BC7-258057D8798D}
	EndGlobalSection
EndGlobal
