
Microsoft Visual Studio Solution File, Format Version 12.00
# Visual Studio Version 17
VisualStudioVersion = 17.5.33424.131
MinimumVisualStudioVersion = 10.0.40219.1
Project("{9A19103F-16F7-4668-BE54-9A1E7A4F7556}") = "Fibers", "Fibers\Fibers.csproj", "{287982D8-C7F8-46A6-9649-004D65820893}"
EndProject
Project("{FAE04EC0-301F-11D3-BF4B-00C04F79EFBC}") = "ProcessManagerTests", "ProcessManagerTests\ProcessManagerTests.csproj", "{5152217C-529B-49AB-B523-9763B2DFC8B9}"
EndProject
Global
	GlobalSection(SolutionConfigurationPlatforms) = preSolution
		Debug|Any CPU = Debug|Any CPU
		Release|Any CPU = Release|Any CPU
	EndGlobalSection
	GlobalSection(ProjectConfigurationPlatforms) = postSolution
		{287982D8-C7F8-46A6-9649-004D65820893}.Debug|Any CPU.ActiveCfg = Debug|Any CPU
		{287982D8-C7F8-46A6-9649-004D65820893}.Debug|Any CPU.Build.0 = Debug|Any CPU
		{287982D8-C7F8-46A6-9649-004D65820893}.Release|Any CPU.ActiveCfg = Release|Any CPU
		{287982D8-C7F8-46A6-9649-004D65820893}.Release|Any CPU.Build.0 = Release|Any CPU
		{5152217C-529B-49AB-B523-9763B2DFC8B9}.Debug|Any CPU.ActiveCfg = Debug|Any CPU
		{5152217C-529B-49AB-B523-9763B2DFC8B9}.Debug|Any CPU.Build.0 = Debug|Any CPU
		{5152217C-529B-49AB-B523-9763B2DFC8B9}.Release|Any CPU.ActiveCfg = Release|Any CPU
		{5152217C-529B-49AB-B523-9763B2DFC8B9}.Release|Any CPU.Build.0 = Release|Any CPU
	EndGlobalSection
	GlobalSection(SolutionProperties) = preSolution
		HideSolutionNode = FALSE
	EndGlobalSection
	GlobalSection(ExtensibilityGlobals) = postSolution
		SolutionGuid = {F3DDFC01-795D-4A06-BEA5-DB108D3F2F6C}
	EndGlobalSection
EndGlobal
