
Microsoft Visual Studio Solution File, Format Version 12.00
# Visual Studio Version 17
VisualStudioVersion = 17.1.32228.430
MinimumVisualStudioVersion = 10.0.40219.1
Project("{FAE04EC0-301F-11D3-BF4B-00C04F79EFBC}") = "BashSimplified", "BashSimplified\BashSimplified.csproj", "{D47C6AE1-E8DA-40A8-9107-97144A31A023}"
EndProject
Project("{FAE04EC0-301F-11D3-BF4B-00C04F79EFBC}") = "BashSimplified.Commands", "BashSimplified.Commands\BashSimplified.Commands.csproj", "{19BF8C54-05EA-43B8-AB9C-466DC2C3BACA}"
EndProject
Project("{FAE04EC0-301F-11D3-BF4B-00C04F79EFBC}") = "BashSimplified.IOLibrary", "BashSimplified.IOLibrary\BashSimplified.IOLibrary.csproj", "{5B6B839F-D128-43E2-81C1-6A4776CCC210}"
EndProject
Project("{FAE04EC0-301F-11D3-BF4B-00C04F79EFBC}") = "BashSimplified.Commands.UnitTests", "BashSimplified.Commands.UnitTests\BashSimplified.Commands.UnitTests.csproj", "{5CC72B83-35D5-410D-84B9-E972C7376EC8}"
EndProject
Project("{FAE04EC0-301F-11D3-BF4B-00C04F79EFBC}") = "BashSimplified.CommandResolver", "BashSimplified.CommandResolver\BashSimplified.CommandResolver.csproj", "{A4CCDC52-4C66-43A0-8AEC-0CEAFF8077FA}"
EndProject
Project("{FAE04EC0-301F-11D3-BF4B-00C04F79EFBC}") = "BashSimplified.CommandResolver.UnitTests", "BashSimplified.CommandResolver.UnitTests\BashSimplified.CommandResolver.UnitTests.csproj", "{5B64F668-F100-47AC-9A03-88756D077D73}"
EndProject
Project("{FAE04EC0-301F-11D3-BF4B-00C04F79EFBC}") = "BashSimplified.BashLibrary", "BashSimplified.BashLibrary\BashSimplified.BashLibrary.csproj", "{2AF65A6E-F53B-4A1B-8A1E-53D96FF823C8}"
EndProject
Project("{FAE04EC0-301F-11D3-BF4B-00C04F79EFBC}") = "BashSimplified.BashLibrary.UnitTests", "BashSimplified.BashLibrary.UnitTests\BashSimplified.BashLibrary.UnitTests.csproj", "{AD9866F2-AECF-4A11-B9EB-FB147B924350}"
EndProject
Global
	GlobalSection(SolutionConfigurationPlatforms) = preSolution
		Debug|Any CPU = Debug|Any CPU
		Release|Any CPU = Release|Any CPU
	EndGlobalSection
	GlobalSection(ProjectConfigurationPlatforms) = postSolution
		{D47C6AE1-E8DA-40A8-9107-97144A31A023}.Debug|Any CPU.ActiveCfg = Debug|Any CPU
		{D47C6AE1-E8DA-40A8-9107-97144A31A023}.Debug|Any CPU.Build.0 = Debug|Any CPU
		{D47C6AE1-E8DA-40A8-9107-97144A31A023}.Release|Any CPU.ActiveCfg = Release|Any CPU
		{D47C6AE1-E8DA-40A8-9107-97144A31A023}.Release|Any CPU.Build.0 = Release|Any CPU
		{19BF8C54-05EA-43B8-AB9C-466DC2C3BACA}.Debug|Any CPU.ActiveCfg = Debug|Any CPU
		{19BF8C54-05EA-43B8-AB9C-466DC2C3BACA}.Debug|Any CPU.Build.0 = Debug|Any CPU
		{19BF8C54-05EA-43B8-AB9C-466DC2C3BACA}.Release|Any CPU.ActiveCfg = Release|Any CPU
		{19BF8C54-05EA-43B8-AB9C-466DC2C3BACA}.Release|Any CPU.Build.0 = Release|Any CPU
		{5B6B839F-D128-43E2-81C1-6A4776CCC210}.Debug|Any CPU.ActiveCfg = Debug|Any CPU
		{5B6B839F-D128-43E2-81C1-6A4776CCC210}.Debug|Any CPU.Build.0 = Debug|Any CPU
		{5B6B839F-D128-43E2-81C1-6A4776CCC210}.Release|Any CPU.ActiveCfg = Release|Any CPU
		{5B6B839F-D128-43E2-81C1-6A4776CCC210}.Release|Any CPU.Build.0 = Release|Any CPU
		{5CC72B83-35D5-410D-84B9-E972C7376EC8}.Debug|Any CPU.ActiveCfg = Debug|Any CPU
		{5CC72B83-35D5-410D-84B9-E972C7376EC8}.Debug|Any CPU.Build.0 = Debug|Any CPU
		{5CC72B83-35D5-410D-84B9-E972C7376EC8}.Release|Any CPU.ActiveCfg = Release|Any CPU
		{5CC72B83-35D5-410D-84B9-E972C7376EC8}.Release|Any CPU.Build.0 = Release|Any CPU
		{A4CCDC52-4C66-43A0-8AEC-0CEAFF8077FA}.Debug|Any CPU.ActiveCfg = Debug|Any CPU
		{A4CCDC52-4C66-43A0-8AEC-0CEAFF8077FA}.Debug|Any CPU.Build.0 = Debug|Any CPU
		{A4CCDC52-4C66-43A0-8AEC-0CEAFF8077FA}.Release|Any CPU.ActiveCfg = Release|Any CPU
		{A4CCDC52-4C66-43A0-8AEC-0CEAFF8077FA}.Release|Any CPU.Build.0 = Release|Any CPU
		{5B64F668-F100-47AC-9A03-88756D077D73}.Debug|Any CPU.ActiveCfg = Debug|Any CPU
		{5B64F668-F100-47AC-9A03-88756D077D73}.Debug|Any CPU.Build.0 = Debug|Any CPU
		{5B64F668-F100-47AC-9A03-88756D077D73}.Release|Any CPU.ActiveCfg = Release|Any CPU
		{5B64F668-F100-47AC-9A03-88756D077D73}.Release|Any CPU.Build.0 = Release|Any CPU
		{2AF65A6E-F53B-4A1B-8A1E-53D96FF823C8}.Debug|Any CPU.ActiveCfg = Debug|Any CPU
		{2AF65A6E-F53B-4A1B-8A1E-53D96FF823C8}.Debug|Any CPU.Build.0 = Debug|Any CPU
		{2AF65A6E-F53B-4A1B-8A1E-53D96FF823C8}.Release|Any CPU.ActiveCfg = Release|Any CPU
		{2AF65A6E-F53B-4A1B-8A1E-53D96FF823C8}.Release|Any CPU.Build.0 = Release|Any CPU
		{AD9866F2-AECF-4A11-B9EB-FB147B924350}.Debug|Any CPU.ActiveCfg = Debug|Any CPU
		{AD9866F2-AECF-4A11-B9EB-FB147B924350}.Debug|Any CPU.Build.0 = Debug|Any CPU
		{AD9866F2-AECF-4A11-B9EB-FB147B924350}.Release|Any CPU.ActiveCfg = Release|Any CPU
		{AD9866F2-AECF-4A11-B9EB-FB147B924350}.Release|Any CPU.Build.0 = Release|Any CPU
	EndGlobalSection
	GlobalSection(SolutionProperties) = preSolution
		HideSolutionNode = FALSE
	EndGlobalSection
	GlobalSection(ExtensibilityGlobals) = postSolution
		SolutionGuid = {FEA61304-EDCE-4302-8B28-DD8E65A3D563}
	EndGlobalSection
EndGlobal
