
Microsoft Visual Studio Solution File, Format Version 12.00
# Visual Studio Version 17
VisualStudioVersion = 17.5.33414.496
MinimumVisualStudioVersion = 10.0.40219.1
Project("{9A19103F-16F7-4668-BE54-9A1E7A4F7556}") = "Task4", "Task4\Task4.csproj", "{D42595D2-B563-455F-82E4-F3B515D1E0C8}"
EndProject
Project("{FAE04EC0-301F-11D3-BF4B-00C04F79EFBC}") = "Task4.UnitTests", "Task4.UnitTests\Task4.UnitTests.csproj", "{F5DE0CAC-2F15-41A7-8146-B6030E416CA6}"
EndProject
Global
	GlobalSection(SolutionConfigurationPlatforms) = preSolution
		Debug|Any CPU = Debug|Any CPU
		Release|Any CPU = Release|Any CPU
	EndGlobalSection
	GlobalSection(ProjectConfigurationPlatforms) = postSolution
		{D42595D2-B563-455F-82E4-F3B515D1E0C8}.Debug|Any CPU.ActiveCfg = Debug|Any CPU
		{D42595D2-B563-455F-82E4-F3B515D1E0C8}.Debug|Any CPU.Build.0 = Debug|Any CPU
		{D42595D2-B563-455F-82E4-F3B515D1E0C8}.Release|Any CPU.ActiveCfg = Release|Any CPU
		{D42595D2-B563-455F-82E4-F3B515D1E0C8}.Release|Any CPU.Build.0 = Release|Any CPU
		{F5DE0CAC-2F15-41A7-8146-B6030E416CA6}.Debug|Any CPU.ActiveCfg = Debug|Any CPU
		{F5DE0CAC-2F15-41A7-8146-B6030E416CA6}.Debug|Any CPU.Build.0 = Debug|Any CPU
		{F5DE0CAC-2F15-41A7-8146-B6030E416CA6}.Release|Any CPU.ActiveCfg = Release|Any CPU
		{F5DE0CAC-2F15-41A7-8146-B6030E416CA6}.Release|Any CPU.Build.0 = Release|Any CPU
	EndGlobalSection
	GlobalSection(SolutionProperties) = preSolution
		HideSolutionNode = FALSE
	EndGlobalSection
	GlobalSection(ExtensibilityGlobals) = postSolution
		SolutionGuid = {9FA431BC-F8A2-4231-AA09-629003082D54}
	EndGlobalSection
EndGlobal
