
Microsoft Visual Studio Solution File, Format Version 12.00
# Visual Studio Version 17
VisualStudioVersion = 17.0.32112.339
MinimumVisualStudioVersion = 10.0.40219.1
Project("{9A19103F-16F7-4668-BE54-9A1E7A4F7556}") = "Filters", "Filters\Filters.csproj", "{13F2543B-8730-44E7-BABA-C6BD63651D6E}"
EndProject
Project("{FAE04EC0-301F-11D3-BF4B-00C04F79EFBC}") = "Filters.UnitTests", "Filters.UnitTests\Filters.UnitTests.csproj", "{0A9CC7C8-3361-4263-A785-1044D1E02C08}"
EndProject
Global
	GlobalSection(SolutionConfigurationPlatforms) = preSolution
		Debug|Any CPU = Debug|Any CPU
		Release|Any CPU = Release|Any CPU
	EndGlobalSection
	GlobalSection(ProjectConfigurationPlatforms) = postSolution
		{13F2543B-8730-44E7-BABA-C6BD63651D6E}.Debug|Any CPU.ActiveCfg = Debug|Any CPU
		{13F2543B-8730-44E7-BABA-C6BD63651D6E}.Debug|Any CPU.Build.0 = Debug|Any CPU
		{13F2543B-8730-44E7-BABA-C6BD63651D6E}.Release|Any CPU.ActiveCfg = Release|Any CPU
		{13F2543B-8730-44E7-BABA-C6BD63651D6E}.Release|Any CPU.Build.0 = Release|Any CPU
		{0A9CC7C8-3361-4263-A785-1044D1E02C08}.Debug|Any CPU.ActiveCfg = Debug|Any CPU
		{0A9CC7C8-3361-4263-A785-1044D1E02C08}.Debug|Any CPU.Build.0 = Debug|Any CPU
		{0A9CC7C8-3361-4263-A785-1044D1E02C08}.Release|Any CPU.ActiveCfg = Release|Any CPU
		{0A9CC7C8-3361-4263-A785-1044D1E02C08}.Release|Any CPU.Build.0 = Release|Any CPU
	EndGlobalSection
	GlobalSection(SolutionProperties) = preSolution
		HideSolutionNode = FALSE
	EndGlobalSection
	GlobalSection(ExtensibilityGlobals) = postSolution
		SolutionGuid = {EF53C6A9-F24C-49CA-9F58-F0057E1F59A3}
	EndGlobalSection
EndGlobal
