
Microsoft Visual Studio Solution File, Format Version 12.00
# Visual Studio Version 17
VisualStudioVersion = 17.1.32210.238
MinimumVisualStudioVersion = 10.0.40219.1
Project("{FAE04EC0-301F-11D3-BF4B-00C04F79EFBC}") = "Project", "Project\Project.csproj", "{355E2671-4EC1-4ECB-AA1C-1935190D886D}"
EndProject
Global
	GlobalSection(SolutionConfigurationPlatforms) = preSolution
		Debug|Any CPU = Debug|Any CPU
		Release|Any CPU = Release|Any CPU
	EndGlobalSection
	GlobalSection(ProjectConfigurationPlatforms) = postSolution
		{355E2671-4EC1-4ECB-AA1C-1935190D886D}.Debug|Any CPU.ActiveCfg = Debug|Any CPU
		{355E2671-4EC1-4ECB-AA1C-1935190D886D}.Debug|Any CPU.Build.0 = Debug|Any CPU
		{355E2671-4EC1-4ECB-AA1C-1935190D886D}.Release|Any CPU.ActiveCfg = Release|Any CPU
		{355E2671-4EC1-4ECB-AA1C-1935190D886D}.Release|Any CPU.Build.0 = Release|Any CPU
	EndGlobalSection
	GlobalSection(SolutionProperties) = preSolution
		HideSolutionNode = FALSE
	EndGlobalSection
	GlobalSection(ExtensibilityGlobals) = postSolution
		SolutionGuid = {C8959B31-8213-4871-8A7B-A7D7C4597EB3}
	EndGlobalSection
EndGlobal
