
Microsoft Visual Studio Solution File, Format Version 12.00
# Visual Studio Version 16
VisualStudioVersion = 16.0.31911.196
MinimumVisualStudioVersion = 10.0.40219.1
Project("{9A19103F-16F7-4668-BE54-9A1E7A4F7556}") = "Task1", "Task1.csproj", "{E31A1D54-5443-4140-A759-2E37F6AA5BB2}"
EndProject
Project("{FAE04EC0-301F-11D3-BF4B-00C04F79EFBC}") = "Task1.UnitTests", "..\Task1.UnitTests\Task1.UnitTests.csproj", "{46365560-DE8F-4902-BD71-7028699624A7}"
EndProject
Global
	GlobalSection(SolutionConfigurationPlatforms) = preSolution
		Debug|Any CPU = Debug|Any CPU
		Release|Any CPU = Release|Any CPU
	EndGlobalSection
	GlobalSection(ProjectConfigurationPlatforms) = postSolution
		{E31A1D54-5443-4140-A759-2E37F6AA5BB2}.Debug|Any CPU.ActiveCfg = Debug|Any CPU
		{E31A1D54-5443-4140-A759-2E37F6AA5BB2}.Debug|Any CPU.Build.0 = Debug|Any CPU
		{E31A1D54-5443-4140-A759-2E37F6AA5BB2}.Release|Any CPU.ActiveCfg = Release|Any CPU
		{E31A1D54-5443-4140-A759-2E37F6AA5BB2}.Release|Any CPU.Build.0 = Release|Any CPU
		{46365560-DE8F-4902-BD71-7028699624A7}.Debug|Any CPU.ActiveCfg = Debug|Any CPU
		{46365560-DE8F-4902-BD71-7028699624A7}.Debug|Any CPU.Build.0 = Debug|Any CPU
		{46365560-DE8F-4902-BD71-7028699624A7}.Release|Any CPU.ActiveCfg = Release|Any CPU
		{46365560-DE8F-4902-BD71-7028699624A7}.Release|Any CPU.Build.0 = Release|Any CPU
	EndGlobalSection
	GlobalSection(SolutionProperties) = preSolution
		HideSolutionNode = FALSE
	EndGlobalSection
	GlobalSection(ExtensibilityGlobals) = postSolution
		SolutionGuid = {7A20A5BA-0998-4110-8B63-8A1CFBE08B39}
	EndGlobalSection
EndGlobal
