
Microsoft Visual Studio Solution File, Format Version 12.00
Project("{FAE04EC0-301F-11D3-BF4B-00C04F79EFBC}") = "Bash", "Bash\Bash.csproj", "{7C85309C-1F20-40DD-8A45-05B6140315C3}"
EndProject
Project("{FAE04EC0-301F-11D3-BF4B-00C04F79EFBC}") = "Bash.UnitTests", "Bash.UnitTests\Bash.UnitTests.csproj", "{2BB31DF1-89BE-471C-9A4D-83E5AF0ED4ED}"
EndProject
Global
	GlobalSection(SolutionConfigurationPlatforms) = preSolution
		Debug|Any CPU = Debug|Any CPU
		Release|Any CPU = Release|Any CPU
	EndGlobalSection
	GlobalSection(ProjectConfigurationPlatforms) = postSolution
		{7C85309C-1F20-40DD-8A45-05B6140315C3}.Debug|Any CPU.ActiveCfg = Debug|Any CPU
		{7C85309C-1F20-40DD-8A45-05B6140315C3}.Debug|Any CPU.Build.0 = Debug|Any CPU
		{7C85309C-1F20-40DD-8A45-05B6140315C3}.Release|Any CPU.ActiveCfg = Release|Any CPU
		{7C85309C-1F20-40DD-8A45-05B6140315C3}.Release|Any CPU.Build.0 = Release|Any CPU
		{2BB31DF1-89BE-471C-9A4D-83E5AF0ED4ED}.Debug|Any CPU.ActiveCfg = Debug|Any CPU
		{2BB31DF1-89BE-471C-9A4D-83E5AF0ED4ED}.Debug|Any CPU.Build.0 = Debug|Any CPU
		{2BB31DF1-89BE-471C-9A4D-83E5AF0ED4ED}.Release|Any CPU.ActiveCfg = Release|Any CPU
		{2BB31DF1-89BE-471C-9A4D-83E5AF0ED4ED}.Release|Any CPU.Build.0 = Release|Any CPU
	EndGlobalSection
EndGlobal
