
Microsoft Visual Studio Solution File, Format Version 12.00
# Visual Studio Version 17
VisualStudioVersion = 17.5.33414.496
MinimumVisualStudioVersion = 10.0.40219.1
Project("{9A19103F-16F7-4668-BE54-9A1E7A4F7556}") = "Task1", "Task1\Task1.csproj", "{C1709792-61FA-4D1F-A1C4-2C88079BF24F}"
EndProject
Project("{FAE04EC0-301F-11D3-BF4B-00C04F79EFBC}") = "Task1.UnitTests", "Task1.UnitTests\Task1.UnitTests.csproj", "{5E6305DF-87DB-48BC-87B5-0A982F0D96B5}"
EndProject
Global
	GlobalSection(SolutionConfigurationPlatforms) = preSolution
		Debug|Any CPU = Debug|Any CPU
		Debug|x86 = Debug|x86
		Release|Any CPU = Release|Any CPU
		Release|x86 = Release|x86
	EndGlobalSection
	GlobalSection(ProjectConfigurationPlatforms) = postSolution
		{C1709792-61FA-4D1F-A1C4-2C88079BF24F}.Debug|Any CPU.ActiveCfg = Debug|Any CPU
		{C1709792-61FA-4D1F-A1C4-2C88079BF24F}.Debug|Any CPU.Build.0 = Debug|Any CPU
		{C1709792-61FA-4D1F-A1C4-2C88079BF24F}.Debug|x86.ActiveCfg = Debug|x86
		{C1709792-61FA-4D1F-A1C4-2C88079BF24F}.Debug|x86.Build.0 = Debug|x86
		{C1709792-61FA-4D1F-A1C4-2C88079BF24F}.Release|Any CPU.ActiveCfg = Release|Any CPU
		{C1709792-61FA-4D1F-A1C4-2C88079BF24F}.Release|Any CPU.Build.0 = Release|Any CPU
		{C1709792-61FA-4D1F-A1C4-2C88079BF24F}.Release|x86.ActiveCfg = Release|x86
		{C1709792-61FA-4D1F-A1C4-2C88079BF24F}.Release|x86.Build.0 = Release|x86
		{5E6305DF-87DB-48BC-87B5-0A982F0D96B5}.Debug|Any CPU.ActiveCfg = Debug|Any CPU
		{5E6305DF-87DB-48BC-87B5-0A982F0D96B5}.Debug|Any CPU.Build.0 = Debug|Any CPU
		{5E6305DF-87DB-48BC-87B5-0A982F0D96B5}.Debug|x86.ActiveCfg = Debug|Any CPU
		{5E6305DF-87DB-48BC-87B5-0A982F0D96B5}.Debug|x86.Build.0 = Debug|Any CPU
		{5E6305DF-87DB-48BC-87B5-0A982F0D96B5}.Release|Any CPU.ActiveCfg = Release|Any CPU
		{5E6305DF-87DB-48BC-87B5-0A982F0D96B5}.Release|Any CPU.Build.0 = Release|Any CPU
		{5E6305DF-87DB-48BC-87B5-0A982F0D96B5}.Release|x86.ActiveCfg = Release|Any CPU
		{5E6305DF-87DB-48BC-87B5-0A982F0D96B5}.Release|x86.Build.0 = Release|Any CPU
	EndGlobalSection
	GlobalSection(SolutionProperties) = preSolution
		HideSolutionNode = FALSE
	EndGlobalSection
	GlobalSection(ExtensibilityGlobals) = postSolution
		SolutionGuid = {2209A7CD-E4FE-4B57-882C-154C23EC7475}
	EndGlobalSection
EndGlobal
