
Microsoft Visual Studio Solution File, Format Version 12.00
# Visual Studio Version 16
VisualStudioVersion = 16.0.32126.315
MinimumVisualStudioVersion = 10.0.40219.1
Project("{9A19103F-16F7-4668-BE54-9A1E7A4F7556}") = "Task_2", "Task_2.csproj", "{BE8E2246-C6AB-4429-ACAF-92AD0BDA261C}"
EndProject
Project("{FAE04EC0-301F-11D3-BF4B-00C04F79EFBC}") = "Task_2.UnitTests", "..\Task_2.UnitTests\Task_2.UnitTests.csproj", "{5B848F2A-CBFA-4316-8AED-B1C7A4E49CE3}"
EndProject
Global
	GlobalSection(SolutionConfigurationPlatforms) = preSolution
		Debug|Any CPU = Debug|Any CPU
		Release|Any CPU = Release|Any CPU
	EndGlobalSection
	GlobalSection(ProjectConfigurationPlatforms) = postSolution
		{BE8E2246-C6AB-4429-ACAF-92AD0BDA261C}.Debug|Any CPU.ActiveCfg = Debug|Any CPU
		{BE8E2246-C6AB-4429-ACAF-92AD0BDA261C}.Debug|Any CPU.Build.0 = Debug|Any CPU
		{BE8E2246-C6AB-4429-ACAF-92AD0BDA261C}.Release|Any CPU.ActiveCfg = Release|Any CPU
		{BE8E2246-C6AB-4429-ACAF-92AD0BDA261C}.Release|Any CPU.Build.0 = Release|Any CPU
		{5B848F2A-CBFA-4316-8AED-B1C7A4E49CE3}.Debug|Any CPU.ActiveCfg = Debug|Any CPU
		{5B848F2A-CBFA-4316-8AED-B1C7A4E49CE3}.Debug|Any CPU.Build.0 = Debug|Any CPU
		{5B848F2A-CBFA-4316-8AED-B1C7A4E49CE3}.Release|Any CPU.ActiveCfg = Release|Any CPU
		{5B848F2A-CBFA-4316-8AED-B1C7A4E49CE3}.Release|Any CPU.Build.0 = Release|Any CPU
	EndGlobalSection
	GlobalSection(SolutionProperties) = preSolution
		HideSolutionNode = FALSE
	EndGlobalSection
	GlobalSection(ExtensibilityGlobals) = postSolution
		SolutionGuid = {49EBF6BB-4CCE-462D-A835-E63AC2FBA7DC}
	EndGlobalSection
EndGlobal
