
Microsoft Visual Studio Solution File, Format Version 12.00
# Visual Studio Version 17
VisualStudioVersion = 17.3.32505.426
MinimumVisualStudioVersion = 10.0.40219.1
Project("{FAE04EC0-301F-11D3-BF4B-00C04F79EFBC}") = "Game", "Game\Game.csproj", "{72B774E5-A64D-4211-AE23-B05930B68D9C}"
EndProject
Project("{FAE04EC0-301F-11D3-BF4B-00C04F79EFBC}") = "Bots", "Bots\Bots.csproj", "{59C5D35A-E7CA-4317-8384-4B9B97F7E8C7}"
EndProject
Project("{FAE04EC0-301F-11D3-BF4B-00C04F79EFBC}") = "Task2", "Task2\Task2.csproj", "{F13CA811-8383-440F-881C-EBFDCEAE2258}"
EndProject
Project("{FAE04EC0-301F-11D3-BF4B-00C04F79EFBC}") = "Task2.Tests", "Task2.Tests\Task2.Tests.csproj", "{D0C33852-6443-46DB-A71F-C2AC72412B82}"
EndProject
Global
	GlobalSection(SolutionConfigurationPlatforms) = preSolution
		Debug|Any CPU = Debug|Any CPU
		Release|Any CPU = Release|Any CPU
	EndGlobalSection
	GlobalSection(ProjectConfigurationPlatforms) = postSolution
		{72B774E5-A64D-4211-AE23-B05930B68D9C}.Debug|Any CPU.ActiveCfg = Debug|Any CPU
		{72B774E5-A64D-4211-AE23-B05930B68D9C}.Debug|Any CPU.Build.0 = Debug|Any CPU
		{72B774E5-A64D-4211-AE23-B05930B68D9C}.Release|Any CPU.ActiveCfg = Release|Any CPU
		{72B774E5-A64D-4211-AE23-B05930B68D9C}.Release|Any CPU.Build.0 = Release|Any CPU
		{59C5D35A-E7CA-4317-8384-4B9B97F7E8C7}.Debug|Any CPU.ActiveCfg = Debug|Any CPU
		{59C5D35A-E7CA-4317-8384-4B9B97F7E8C7}.Debug|Any CPU.Build.0 = Debug|Any CPU
		{59C5D35A-E7CA-4317-8384-4B9B97F7E8C7}.Release|Any CPU.ActiveCfg = Release|Any CPU
		{59C5D35A-E7CA-4317-8384-4B9B97F7E8C7}.Release|Any CPU.Build.0 = Release|Any CPU
		{F13CA811-8383-440F-881C-EBFDCEAE2258}.Debug|Any CPU.ActiveCfg = Debug|Any CPU
		{F13CA811-8383-440F-881C-EBFDCEAE2258}.Debug|Any CPU.Build.0 = Debug|Any CPU
		{F13CA811-8383-440F-881C-EBFDCEAE2258}.Release|Any CPU.ActiveCfg = Release|Any CPU
		{F13CA811-8383-440F-881C-EBFDCEAE2258}.Release|Any CPU.Build.0 = Release|Any CPU
		{D0C33852-6443-46DB-A71F-C2AC72412B82}.Debug|Any CPU.ActiveCfg = Debug|Any CPU
		{D0C33852-6443-46DB-A71F-C2AC72412B82}.Debug|Any CPU.Build.0 = Debug|Any CPU
		{D0C33852-6443-46DB-A71F-C2AC72412B82}.Release|Any CPU.ActiveCfg = Release|Any CPU
		{D0C33852-6443-46DB-A71F-C2AC72412B82}.Release|Any CPU.Build.0 = Release|Any CPU
	EndGlobalSection
	GlobalSection(SolutionProperties) = preSolution
		HideSolutionNode = FALSE
	EndGlobalSection
	GlobalSection(ExtensibilityGlobals) = postSolution
		SolutionGuid = {DA39097D-C42C-4651-AAC1-A62F86685365}
	EndGlobalSection
EndGlobal
