
Microsoft Visual Studio Solution File, Format Version 12.00
# Visual Studio Version 17
VisualStudioVersion = 17.3.32505.426
MinimumVisualStudioVersion = 10.0.40219.1
Project("{FAE04EC0-301F-11D3-BF4B-00C04F79EFBC}") = "Task2", "Task2\Task2.csproj", "{70166F09-5B77-4DC2-B5AC-EADF17595E43}"
EndProject
Project("{FAE04EC0-301F-11D3-BF4B-00C04F79EFBC}") = "Bots", "Bots\Bots.csproj", "{2FA7D864-C1C7-40CB-BB85-97C87A460552}"
EndProject
Project("{FAE04EC0-301F-11D3-BF4B-00C04F79EFBC}") = "Game", "Game\Game.csproj", "{3E5F3B9A-DE57-475C-97D7-FA1698398744}"
EndProject
Project("{FAE04EC0-301F-11D3-BF4B-00C04F79EFBC}") = "Task2.Tests", "Task2.Tests\Task2.Tests.csproj", "{F79D311F-50EA-4C3B-9577-9D2F76ED8256}"
EndProject
Global
	GlobalSection(SolutionConfigurationPlatforms) = preSolution
		Debug|Any CPU = Debug|Any CPU
		Release|Any CPU = Release|Any CPU
	EndGlobalSection
	GlobalSection(ProjectConfigurationPlatforms) = postSolution
		{70166F09-5B77-4DC2-B5AC-EADF17595E43}.Debug|Any CPU.ActiveCfg = Debug|Any CPU
		{70166F09-5B77-4DC2-B5AC-EADF17595E43}.Debug|Any CPU.Build.0 = Debug|Any CPU
		{70166F09-5B77-4DC2-B5AC-EADF17595E43}.Release|Any CPU.ActiveCfg = Release|Any CPU
		{70166F09-5B77-4DC2-B5AC-EADF17595E43}.Release|Any CPU.Build.0 = Release|Any CPU
		{2FA7D864-C1C7-40CB-BB85-97C87A460552}.Debug|Any CPU.ActiveCfg = Debug|Any CPU
		{2FA7D864-C1C7-40CB-BB85-97C87A460552}.Debug|Any CPU.Build.0 = Debug|Any CPU
		{2FA7D864-C1C7-40CB-BB85-97C87A460552}.Release|Any CPU.ActiveCfg = Release|Any CPU
		{2FA7D864-C1C7-40CB-BB85-97C87A460552}.Release|Any CPU.Build.0 = Release|Any CPU
		{3E5F3B9A-DE57-475C-97D7-FA1698398744}.Debug|Any CPU.ActiveCfg = Debug|Any CPU
		{3E5F3B9A-DE57-475C-97D7-FA1698398744}.Debug|Any CPU.Build.0 = Debug|Any CPU
		{3E5F3B9A-DE57-475C-97D7-FA1698398744}.Release|Any CPU.ActiveCfg = Release|Any CPU
		{3E5F3B9A-DE57-475C-97D7-FA1698398744}.Release|Any CPU.Build.0 = Release|Any CPU
		{F79D311F-50EA-4C3B-9577-9D2F76ED8256}.Debug|Any CPU.ActiveCfg = Debug|Any CPU
		{F79D311F-50EA-4C3B-9577-9D2F76ED8256}.Debug|Any CPU.Build.0 = Debug|Any CPU
		{F79D311F-50EA-4C3B-9577-9D2F76ED8256}.Release|Any CPU.ActiveCfg = Release|Any CPU
		{F79D311F-50EA-4C3B-9577-9D2F76ED8256}.Release|Any CPU.Build.0 = Release|Any CPU
	EndGlobalSection
	GlobalSection(SolutionProperties) = preSolution
		HideSolutionNode = FALSE
	EndGlobalSection
	GlobalSection(ExtensibilityGlobals) = postSolution
		SolutionGuid = {E59F1B67-0800-4397-8BA3-35FFFF9A0E29}
	EndGlobalSection
EndGlobal
