
Microsoft Visual Studio Solution File, Format Version 12.00
# Visual Studio Version 17
VisualStudioVersion = 17.1.32407.343
MinimumVisualStudioVersion = 10.0.40219.1
Project("{FAE04EC0-301F-11D3-BF4B-00C04F79EFBC}") = "WeatherloC", "WeatherloC\WeatherloC.csproj", "{A82A1C97-8D89-4366-9859-82CF4BCED2A9}"
EndProject
Project("{9A19103F-16F7-4668-BE54-9A1E7A4F7556}") = "Weather", "Weather\Weather.csproj", "{7F6E1C4D-53F1-4831-97DD-9092E4B3AB3C}"
EndProject
Project("{9A19103F-16F7-4668-BE54-9A1E7A4F7556}") = "Weather.UnitTests", "Weather.UnitTests\Weather.UnitTests.csproj", "{2A509D03-FDC2-462E-9CF1-CD740FF6888B}"
EndProject
Project("{9A19103F-16F7-4668-BE54-9A1E7A4F7556}") = "WeatherAPI", "WeatherAPI\WeatherAPI.csproj", "{BE1138A4-A1E9-40C1-ADF8-12AFBD0BC19A}"
EndProject
Project("{9A19103F-16F7-4668-BE54-9A1E7A4F7556}") = "WeatherForecastModel", "WeatherForecastModel\WeatherForecastModel.csproj", "{B685250C-7D19-4397-B98D-22F2DAB1CF2D}"
EndProject
Global
	GlobalSection(SolutionConfigurationPlatforms) = preSolution
		Debug|Any CPU = Debug|Any CPU
		Release|Any CPU = Release|Any CPU
	EndGlobalSection
	GlobalSection(ProjectConfigurationPlatforms) = postSolution
		{A82A1C97-8D89-4366-9859-82CF4BCED2A9}.Debug|Any CPU.ActiveCfg = Debug|Any CPU
		{A82A1C97-8D89-4366-9859-82CF4BCED2A9}.Debug|Any CPU.Build.0 = Debug|Any CPU
		{A82A1C97-8D89-4366-9859-82CF4BCED2A9}.Release|Any CPU.ActiveCfg = Release|Any CPU
		{A82A1C97-8D89-4366-9859-82CF4BCED2A9}.Release|Any CPU.Build.0 = Release|Any CPU
		{7F6E1C4D-53F1-4831-97DD-9092E4B3AB3C}.Debug|Any CPU.ActiveCfg = Debug|Any CPU
		{7F6E1C4D-53F1-4831-97DD-9092E4B3AB3C}.Debug|Any CPU.Build.0 = Debug|Any CPU
		{7F6E1C4D-53F1-4831-97DD-9092E4B3AB3C}.Release|Any CPU.ActiveCfg = Release|Any CPU
		{7F6E1C4D-53F1-4831-97DD-9092E4B3AB3C}.Release|Any CPU.Build.0 = Release|Any CPU
		{2A509D03-FDC2-462E-9CF1-CD740FF6888B}.Debug|Any CPU.ActiveCfg = Debug|Any CPU
		{2A509D03-FDC2-462E-9CF1-CD740FF6888B}.Debug|Any CPU.Build.0 = Debug|Any CPU
		{2A509D03-FDC2-462E-9CF1-CD740FF6888B}.Release|Any CPU.ActiveCfg = Release|Any CPU
		{2A509D03-FDC2-462E-9CF1-CD740FF6888B}.Release|Any CPU.Build.0 = Release|Any CPU
		{BE1138A4-A1E9-40C1-ADF8-12AFBD0BC19A}.Debug|Any CPU.ActiveCfg = Debug|Any CPU
		{BE1138A4-A1E9-40C1-ADF8-12AFBD0BC19A}.Debug|Any CPU.Build.0 = Debug|Any CPU
		{BE1138A4-A1E9-40C1-ADF8-12AFBD0BC19A}.Release|Any CPU.ActiveCfg = Release|Any CPU
		{BE1138A4-A1E9-40C1-ADF8-12AFBD0BC19A}.Release|Any CPU.Build.0 = Release|Any CPU
		{B685250C-7D19-4397-B98D-22F2DAB1CF2D}.Debug|Any CPU.ActiveCfg = Debug|Any CPU
		{B685250C-7D19-4397-B98D-22F2DAB1CF2D}.Debug|Any CPU.Build.0 = Debug|Any CPU
		{B685250C-7D19-4397-B98D-22F2DAB1CF2D}.Release|Any CPU.ActiveCfg = Release|Any CPU
		{B685250C-7D19-4397-B98D-22F2DAB1CF2D}.Release|Any CPU.Build.0 = Release|Any CPU
	EndGlobalSection
	GlobalSection(SolutionProperties) = preSolution
		HideSolutionNode = FALSE
	EndGlobalSection
	GlobalSection(ExtensibilityGlobals) = postSolution
		SolutionGuid = {560126D5-4505-41C1-B708-05D5FDA926D6}
	EndGlobalSection
EndGlobal
