
Microsoft Visual Studio Solution File, Format Version 12.00
# Visual Studio Version 16
VisualStudioVersion = 16.0.31410.357
MinimumVisualStudioVersion = 10.0.40219.1
Project("{9A19103F-16F7-4668-BE54-9A1E7A4F7556}") = "Task 1", "Task 1.csproj", "{33DB90D2-6F47-4E0D-A20B-A431EE0CE104}"
EndProject
Project("{FAE04EC0-301F-11D3-BF4B-00C04F79EFBC}") = "Task1.UnitTests", "..\Task1.UnitTests\Task1.UnitTests.csproj", "{101CF802-E152-4B89-81F5-8008B90F7B58}"
EndProject
Global
	GlobalSection(SolutionConfigurationPlatforms) = preSolution
		Debug|Any CPU = Debug|Any CPU
		Release|Any CPU = Release|Any CPU
	EndGlobalSection
	GlobalSection(ProjectConfigurationPlatforms) = postSolution
		{33DB90D2-6F47-4E0D-A20B-A431EE0CE104}.Debug|Any CPU.ActiveCfg = Debug|Any CPU
		{33DB90D2-6F47-4E0D-A20B-A431EE0CE104}.Debug|Any CPU.Build.0 = Debug|Any CPU
		{33DB90D2-6F47-4E0D-A20B-A431EE0CE104}.Release|Any CPU.ActiveCfg = Release|Any CPU
		{33DB90D2-6F47-4E0D-A20B-A431EE0CE104}.Release|Any CPU.Build.0 = Release|Any CPU
		{101CF802-E152-4B89-81F5-8008B90F7B58}.Debug|Any CPU.ActiveCfg = Debug|Any CPU
		{101CF802-E152-4B89-81F5-8008B90F7B58}.Debug|Any CPU.Build.0 = Debug|Any CPU
		{101CF802-E152-4B89-81F5-8008B90F7B58}.Release|Any CPU.ActiveCfg = Release|Any CPU
		{101CF802-E152-4B89-81F5-8008B90F7B58}.Release|Any CPU.Build.0 = Release|Any CPU
	EndGlobalSection
	GlobalSection(SolutionProperties) = preSolution
		HideSolutionNode = FALSE
	EndGlobalSection
	GlobalSection(ExtensibilityGlobals) = postSolution
		SolutionGuid = {DBB44CFE-DD43-4B7D-B446-2F61DC701E30}
	EndGlobalSection
EndGlobal
