
Microsoft Visual Studio Solution File, Format Version 12.00
# Visual Studio Version 17
VisualStudioVersion = 17.1.32228.430
MinimumVisualStudioVersion = 10.0.40219.1
Project("{FAE04EC0-301F-11D3-BF4B-00C04F79EFBC}") = "QuickSort", "QuickSort\QuickSort.csproj", "{4735F1D6-1341-42D4-9F7F-1D8442878F3E}"
EndProject
Global
	GlobalSection(SolutionConfigurationPlatforms) = preSolution
		Debug|Any CPU = Debug|Any CPU
		Release|Any CPU = Release|Any CPU
	EndGlobalSection
	GlobalSection(ProjectConfigurationPlatforms) = postSolution
		{4735F1D6-1341-42D4-9F7F-1D8442878F3E}.Debug|Any CPU.ActiveCfg = Debug|Any CPU
		{4735F1D6-1341-42D4-9F7F-1D8442878F3E}.Debug|Any CPU.Build.0 = Debug|Any CPU
		{4735F1D6-1341-42D4-9F7F-1D8442878F3E}.Release|Any CPU.ActiveCfg = Release|Any CPU
		{4735F1D6-1341-42D4-9F7F-1D8442878F3E}.Release|Any CPU.Build.0 = Release|Any CPU
	EndGlobalSection
	GlobalSection(SolutionProperties) = preSolution
		HideSolutionNode = FALSE
	EndGlobalSection
	GlobalSection(ExtensibilityGlobals) = postSolution
		SolutionGuid = {EAF254A6-D347-46B9-A779-5EEA0E5492BE}
	EndGlobalSection
EndGlobal
