
Microsoft Visual Studio Solution File, Format Version 12.00
# Visual Studio Version 16
VisualStudioVersion = 16.0.31702.278
MinimumVisualStudioVersion = 10.0.40219.1
Project("{8BC9CEB8-8B4A-11D0-8D11-00A0C91BC942}") = "Task_4", "Task_4.vcxproj", "{1B5E81E3-4AE4-4A1C-AF72-7B2F327331D9}"
EndProject
Global
	GlobalSection(SolutionConfigurationPlatforms) = preSolution
		Debug|x64 = Debug|x64
		Debug|x86 = Debug|x86
		Release|x64 = Release|x64
		Release|x86 = Release|x86
	EndGlobalSection
	GlobalSection(ProjectConfigurationPlatforms) = postSolution
		{1B5E81E3-4AE4-4A1C-AF72-7B2F327331D9}.Debug|x64.ActiveCfg = Debug|x64
		{1B5E81E3-4AE4-4A1C-AF72-7B2F327331D9}.Debug|x64.Build.0 = Debug|x64
		{1B5E81E3-4AE4-4A1C-AF72-7B2F327331D9}.Debug|x86.ActiveCfg = Debug|Win32
		{1B5E81E3-4AE4-4A1C-AF72-7B2F327331D9}.Debug|x86.Build.0 = Debug|Win32
		{1B5E81E3-4AE4-4A1C-AF72-7B2F327331D9}.Release|x64.ActiveCfg = Release|x64
		{1B5E81E3-4AE4-4A1C-AF72-7B2F327331D9}.Release|x64.Build.0 = Release|x64
		{1B5E81E3-4AE4-4A1C-AF72-7B2F327331D9}.Release|x86.ActiveCfg = Release|Win32
		{1B5E81E3-4AE4-4A1C-AF72-7B2F327331D9}.Release|x86.Build.0 = Release|Win32
	EndGlobalSection
	GlobalSection(SolutionProperties) = preSolution
		HideSolutionNode = FALSE
	EndGlobalSection
	GlobalSection(ExtensibilityGlobals) = postSolution
		SolutionGuid = {48B83FE2-9BAE-46E2-907B-1F085749BA05}
	EndGlobalSection
EndGlobal
